
Microsoft Visual Studio Solution File, Format Version 12.00
# Visual Studio 15
VisualStudioVersion = 15.0.27703.2000
MinimumVisualStudioVersion = 10.0.40219.1
Project("{9A19103F-16F7-4668-BE54-9A1E7A4F7556}") = "chooseADrink", "chooseADrink\chooseADrink.csproj", "{E24101AD-AA10-4A6B-876E-FB6D7B76AF85}"
EndProject
Project("{9A19103F-16F7-4668-BE54-9A1E7A4F7556}") = "chooseADrink2.0", "chooseADrink2.0\chooseADrink2.0.csproj", "{79ACC277-264B-4691-8B88-071B2CFD9702}"
EndProject
Project("{9A19103F-16F7-4668-BE54-9A1E7A4F7556}") = "restaurantDiscount", "restaurantDiscount\restaurantDiscount.csproj", "{15C983F1-1ED7-4A72-8B9D-8C04C724F0D8}"
EndProject
Project("{9A19103F-16F7-4668-BE54-9A1E7A4F7556}") = "hotel", "hotel\hotel.csproj", "{654816B7-A108-43FA-B8BE-6480EB630F8D}"
EndProject
Project("{9A19103F-16F7-4668-BE54-9A1E7A4F7556}") = "wordInPlural", "wordInPlural\wordInPlural.csproj", "{95571446-9CF6-4536-B44B-687344C46E1F}"
EndProject
Project("{9A19103F-16F7-4668-BE54-9A1E7A4F7556}") = "intervalOfNumbers", "intervalOfNumbers\intervalOfNumbers.csproj", "{E54C9705-1E75-402E-B2E7-EEA6B4D7DEE7}"
EndProject
Project("{9A19103F-16F7-4668-BE54-9A1E7A4F7556}") = "cakeIngredients", "cakeIngredients\cakeIngredients.csproj", "{2A235F10-9187-42A4-BA83-702659C8ED25}"
EndProject
Project("{9A19103F-16F7-4668-BE54-9A1E7A4F7556}") = "caloriesCounter", "caloriesCounter\caloriesCounter.csproj", "{E235FF56-6DB4-42A1-8732-5A2FA0822502}"
EndProject
Project("{9A19103F-16F7-4668-BE54-9A1E7A4F7556}") = "countTheInteger", "countTheInteger\countTheInteger.csproj", "{E74BD129-7C7A-4208-9697-5F4D46D0B133}"
EndProject
Project("{9A19103F-16F7-4668-BE54-9A1E7A4F7556}") = "triangleOfNumbers", "triangleOfNumbers\triangleOfNumbers.csproj", "{2E7DAAC2-4CAF-46E2-809B-B4763650976E}"
EndProject
Project("{9A19103F-16F7-4668-BE54-9A1E7A4F7556}") = "differentNumbers", "differentNumbers\differentNumbers.csproj", "{1BEC9DB9-B5D2-4C87-B2AC-D6B714FB1F88}"
EndProject
Project("{9A19103F-16F7-4668-BE54-9A1E7A4F7556}") = "testNumbers", "testNumbers\testNumbers.csproj", "{5B981312-77F7-4079-8EE0-F6D61D8465C1}"
EndProject
Project("{FAE04EC0-301F-11D3-BF4B-00C04F79EFBC}") = "gameOfNumbers", "gameOfNumbers\gameOfNumbers.csproj", "{2C7CC67E-44C0-4766-A557-8A778F04D1BA}"
EndProject
Project("{FAE04EC0-301F-11D3-BF4B-00C04F79EFBC}") = "magicLetter", "magicLetter\magicLetter.csproj", "{95192C96-086A-4B91-BFE2-C5B29640D8C8}"
EndProject
Project("{FAE04EC0-301F-11D3-BF4B-00C04F79EFBC}") = "neighbourWars", "neighbourWars\neighbourWars.csproj", "{3575057A-CF67-4869-8F5A-68236D7F7EA1}"
EndProject
Global
	GlobalSection(SolutionConfigurationPlatforms) = preSolution
		Debug|Any CPU = Debug|Any CPU
		Release|Any CPU = Release|Any CPU
	EndGlobalSection
	GlobalSection(ProjectConfigurationPlatforms) = postSolution
		{E24101AD-AA10-4A6B-876E-FB6D7B76AF85}.Debug|Any CPU.ActiveCfg = Debug|Any CPU
		{E24101AD-AA10-4A6B-876E-FB6D7B76AF85}.Debug|Any CPU.Build.0 = Debug|Any CPU
		{E24101AD-AA10-4A6B-876E-FB6D7B76AF85}.Release|Any CPU.ActiveCfg = Release|Any CPU
		{E24101AD-AA10-4A6B-876E-FB6D7B76AF85}.Release|Any CPU.Build.0 = Release|Any CPU
		{79ACC277-264B-4691-8B88-071B2CFD9702}.Debug|Any CPU.ActiveCfg = Debug|Any CPU
		{79ACC277-264B-4691-8B88-071B2CFD9702}.Debug|Any CPU.Build.0 = Debug|Any CPU
		{79ACC277-264B-4691-8B88-071B2CFD9702}.Release|Any CPU.ActiveCfg = Release|Any CPU
		{79ACC277-264B-4691-8B88-071B2CFD9702}.Release|Any CPU.Build.0 = Release|Any CPU
		{15C983F1-1ED7-4A72-8B9D-8C04C724F0D8}.Debug|Any CPU.ActiveCfg = Debug|Any CPU
		{15C983F1-1ED7-4A72-8B9D-8C04C724F0D8}.Debug|Any CPU.Build.0 = Debug|Any CPU
		{15C983F1-1ED7-4A72-8B9D-8C04C724F0D8}.Release|Any CPU.ActiveCfg = Release|Any CPU
		{15C983F1-1ED7-4A72-8B9D-8C04C724F0D8}.Release|Any CPU.Build.0 = Release|Any CPU
		{654816B7-A108-43FA-B8BE-6480EB630F8D}.Debug|Any CPU.ActiveCfg = Debug|Any CPU
		{654816B7-A108-43FA-B8BE-6480EB630F8D}.Debug|Any CPU.Build.0 = Debug|Any CPU
		{654816B7-A108-43FA-B8BE-6480EB630F8D}.Release|Any CPU.ActiveCfg = Release|Any CPU
		{654816B7-A108-43FA-B8BE-6480EB630F8D}.Release|Any CPU.Build.0 = Release|Any CPU
		{95571446-9CF6-4536-B44B-687344C46E1F}.Debug|Any CPU.ActiveCfg = Debug|Any CPU
		{95571446-9CF6-4536-B44B-687344C46E1F}.Debug|Any CPU.Build.0 = Debug|Any CPU
		{95571446-9CF6-4536-B44B-687344C46E1F}.Release|Any CPU.ActiveCfg = Release|Any CPU
		{95571446-9CF6-4536-B44B-687344C46E1F}.Release|Any CPU.Build.0 = Release|Any CPU
		{E54C9705-1E75-402E-B2E7-EEA6B4D7DEE7}.Debug|Any CPU.ActiveCfg = Debug|Any CPU
		{E54C9705-1E75-402E-B2E7-EEA6B4D7DEE7}.Debug|Any CPU.Build.0 = Debug|Any CPU
		{E54C9705-1E75-402E-B2E7-EEA6B4D7DEE7}.Release|Any CPU.ActiveCfg = Release|Any CPU
		{E54C9705-1E75-402E-B2E7-EEA6B4D7DEE7}.Release|Any CPU.Build.0 = Release|Any CPU
		{2A235F10-9187-42A4-BA83-702659C8ED25}.Debug|Any CPU.ActiveCfg = Debug|Any CPU
		{2A235F10-9187-42A4-BA83-702659C8ED25}.Debug|Any CPU.Build.0 = Debug|Any CPU
		{2A235F10-9187-42A4-BA83-702659C8ED25}.Release|Any CPU.ActiveCfg = Release|Any CPU
		{2A235F10-9187-42A4-BA83-702659C8ED25}.Release|Any CPU.Build.0 = Release|Any CPU
		{E235FF56-6DB4-42A1-8732-5A2FA0822502}.Debug|Any CPU.ActiveCfg = Debug|Any CPU
		{E235FF56-6DB4-42A1-8732-5A2FA0822502}.Debug|Any CPU.Build.0 = Debug|Any CPU
		{E235FF56-6DB4-42A1-8732-5A2FA0822502}.Release|Any CPU.ActiveCfg = Release|Any CPU
		{E235FF56-6DB4-42A1-8732-5A2FA0822502}.Release|Any CPU.Build.0 = Release|Any CPU
		{E74BD129-7C7A-4208-9697-5F4D46D0B133}.Debug|Any CPU.ActiveCfg = Debug|Any CPU
		{E74BD129-7C7A-4208-9697-5F4D46D0B133}.Debug|Any CPU.Build.0 = Debug|Any CPU
		{E74BD129-7C7A-4208-9697-5F4D46D0B133}.Release|Any CPU.ActiveCfg = Release|Any CPU
		{E74BD129-7C7A-4208-9697-5F4D46D0B133}.Release|Any CPU.Build.0 = Release|Any CPU
		{2E7DAAC2-4CAF-46E2-809B-B4763650976E}.Debug|Any CPU.ActiveCfg = Debug|Any CPU
		{2E7DAAC2-4CAF-46E2-809B-B4763650976E}.Debug|Any CPU.Build.0 = Debug|Any CPU
		{2E7DAAC2-4CAF-46E2-809B-B4763650976E}.Release|Any CPU.ActiveCfg = Release|Any CPU
		{2E7DAAC2-4CAF-46E2-809B-B4763650976E}.Release|Any CPU.Build.0 = Release|Any CPU
		{1BEC9DB9-B5D2-4C87-B2AC-D6B714FB1F88}.Debug|Any CPU.ActiveCfg = Debug|Any CPU
		{1BEC9DB9-B5D2-4C87-B2AC-D6B714FB1F88}.Debug|Any CPU.Build.0 = Debug|Any CPU
		{1BEC9DB9-B5D2-4C87-B2AC-D6B714FB1F88}.Release|Any CPU.ActiveCfg = Release|Any CPU
		{1BEC9DB9-B5D2-4C87-B2AC-D6B714FB1F88}.Release|Any CPU.Build.0 = Release|Any CPU
		{5B981312-77F7-4079-8EE0-F6D61D8465C1}.Debug|Any CPU.ActiveCfg = Debug|Any CPU
		{5B981312-77F7-4079-8EE0-F6D61D8465C1}.Debug|Any CPU.Build.0 = Debug|Any CPU
		{5B981312-77F7-4079-8EE0-F6D61D8465C1}.Release|Any CPU.ActiveCfg = Release|Any CPU
		{5B981312-77F7-4079-8EE0-F6D61D8465C1}.Release|Any CPU.Build.0 = Release|Any CPU
		{2C7CC67E-44C0-4766-A557-8A778F04D1BA}.Debug|Any CPU.ActiveCfg = Debug|Any CPU
		{2C7CC67E-44C0-4766-A557-8A778F04D1BA}.Debug|Any CPU.Build.0 = Debug|Any CPU
		{2C7CC67E-44C0-4766-A557-8A778F04D1BA}.Release|Any CPU.ActiveCfg = Release|Any CPU
		{2C7CC67E-44C0-4766-A557-8A778F04D1BA}.Release|Any CPU.Build.0 = Release|Any CPU
		{95192C96-086A-4B91-BFE2-C5B29640D8C8}.Debug|Any CPU.ActiveCfg = Debug|Any CPU
		{95192C96-086A-4B91-BFE2-C5B29640D8C8}.Debug|Any CPU.Build.0 = Debug|Any CPU
		{95192C96-086A-4B91-BFE2-C5B29640D8C8}.Release|Any CPU.ActiveCfg = Release|Any CPU
		{95192C96-086A-4B91-BFE2-C5B29640D8C8}.Release|Any CPU.Build.0 = Release|Any CPU
		{3575057A-CF67-4869-8F5A-68236D7F7EA1}.Debug|Any CPU.ActiveCfg = Debug|Any CPU
		{3575057A-CF67-4869-8F5A-68236D7F7EA1}.Debug|Any CPU.Build.0 = Debug|Any CPU
		{3575057A-CF67-4869-8F5A-68236D7F7EA1}.Release|Any CPU.ActiveCfg = Release|Any CPU
		{3575057A-CF67-4869-8F5A-68236D7F7EA1}.Release|Any CPU.Build.0 = Release|Any CPU
	EndGlobalSection
	GlobalSection(SolutionProperties) = preSolution
		HideSolutionNode = FALSE
	EndGlobalSection
	GlobalSection(ExtensibilityGlobals) = postSolution
		SolutionGuid = {5B1FAE6F-23E8-4DB0-9D68-12AC858C5B08}
	EndGlobalSection
EndGlobal
