
Microsoft Visual Studio Solution File, Format Version 12.00
# Visual Studio 15
VisualStudioVersion = 15.0.27703.2018
MinimumVisualStudioVersion = 10.0.40219.1
Project("{9A19103F-16F7-4668-BE54-9A1E7A4F7556}") = "name", "name\name.csproj", "{07AD4994-7AD7-4FCE-8143-47A7B5DB171C}"
EndProject
Project("{9A19103F-16F7-4668-BE54-9A1E7A4F7556}") = "maxMwthod", "maxMwthod\maxMwthod.csproj", "{A1BBA3EC-6AD6-4625-9C36-075F90A95878}"
EndProject
Project("{9A19103F-16F7-4668-BE54-9A1E7A4F7556}") = "englishNameOfTheLastDigit", "englishNameOfTheLastDigit\englishNameOfTheLastDigit.csproj", "{75DC876C-116B-4B7B-AB4D-77C28F531AC2}"
EndProject
Project("{9A19103F-16F7-4668-BE54-9A1E7A4F7556}") = "numberInReversedOrder", "numberInReversedOrder\numberInReversedOrder.csproj", "{C81B40BD-6528-4849-B228-42FC89C329E7}"
EndProject
Project("{9A19103F-16F7-4668-BE54-9A1E7A4F7556}") = "fibonacciNumber", "fibonacciNumber\fibonacciNumber.csproj", "{C6E8F809-88E5-4994-A4F4-652AADAFFA61}"
EndProject
Project("{9A19103F-16F7-4668-BE54-9A1E7A4F7556}") = "primeChecker", "primeChecker\primeChecker.csproj", "{256235DB-25CD-4E7C-9DE0-7443262CCECE}"
EndProject
Project("{9A19103F-16F7-4668-BE54-9A1E7A4F7556}") = "priceInGivenRange", "priceInGivenRange\priceInGivenRange.csproj", "{30B196B2-B8DB-4386-A14E-24467F0EE412}"
EndProject
Project("{9A19103F-16F7-4668-BE54-9A1E7A4F7556}") = "centerPoint", "centerPoint\centerPoint.csproj", "{C42FEA25-2C6D-4A8F-8DF8-4718255DD82C}"
EndProject
Project("{9A19103F-16F7-4668-BE54-9A1E7A4F7556}") = "longerLine", "longerLine\longerLine.csproj", "{1D37CE67-E561-4596-9AB5-B5812A0EAE35}"
EndProject
Project("{9A19103F-16F7-4668-BE54-9A1E7A4F7556}") = "cubeProperties", "cubeProperties\cubeProperties.csproj", "{54956D0A-D621-45F4-9A6B-BC013633250F}"
EndProject
Project("{9A19103F-16F7-4668-BE54-9A1E7A4F7556}") = "geometryCalculator", "geometryCalculator\geometryCalculator.csproj", "{0016683A-83EF-4194-BCFB-4B3B6C27CF3B}"
EndProject
Project("{FAE04EC0-301F-11D3-BF4B-00C04F79EFBC}") = "masterNumbers", "masterNumbers\masterNumbers.csproj", "{B8822376-9A1D-4169-A77F-67067C0D6929}"
EndProject
Project("{FAE04EC0-301F-11D3-BF4B-00C04F79EFBC}") = "factorial", "factorial\factorial.csproj", "{C12CFE50-52DD-47C1-9C60-057D1A804971}"
EndProject
Project("{FAE04EC0-301F-11D3-BF4B-00C04F79EFBC}") = "factorialTrailingZeroes", "factorialTrailingZeroes\factorialTrailingZeroes.csproj", "{2E2A4ADC-07D5-45CE-8878-CD1B78A1BB17}"
EndProject
Project("{FAE04EC0-301F-11D3-BF4B-00C04F79EFBC}") = "subString", "subString\subString.csproj", "{30E579F4-9363-489B-AEDA-9E1A9AC56DD9}"
EndProject
Project("{FAE04EC0-301F-11D3-BF4B-00C04F79EFBC}") = "instructionSet", "instructionSet\instructionSet.csproj", "{C363C2B8-01CA-4453-918A-3BF22609ED2E}"
EndProject
Project("{FAE04EC0-301F-11D3-BF4B-00C04F79EFBC}") = "bePositive", "bePositive\bePositive.csproj", "{48100858-8A31-4B7B-98D8-D662286C1773}"
EndProject
Project("{FAE04EC0-301F-11D3-BF4B-00C04F79EFBC}") = "sequenceOfCommands", "sequenceOfCommands\sequenceOfCommands.csproj", "{F834D344-7120-4A0F-8045-B95B2FDD1E0E}"
EndProject
Global
	GlobalSection(SolutionConfigurationPlatforms) = preSolution
		Debug|Any CPU = Debug|Any CPU
		Release|Any CPU = Release|Any CPU
	EndGlobalSection
	GlobalSection(ProjectConfigurationPlatforms) = postSolution
		{07AD4994-7AD7-4FCE-8143-47A7B5DB171C}.Debug|Any CPU.ActiveCfg = Debug|Any CPU
		{07AD4994-7AD7-4FCE-8143-47A7B5DB171C}.Debug|Any CPU.Build.0 = Debug|Any CPU
		{07AD4994-7AD7-4FCE-8143-47A7B5DB171C}.Release|Any CPU.ActiveCfg = Release|Any CPU
		{07AD4994-7AD7-4FCE-8143-47A7B5DB171C}.Release|Any CPU.Build.0 = Release|Any CPU
		{A1BBA3EC-6AD6-4625-9C36-075F90A95878}.Debug|Any CPU.ActiveCfg = Debug|Any CPU
		{A1BBA3EC-6AD6-4625-9C36-075F90A95878}.Debug|Any CPU.Build.0 = Debug|Any CPU
		{A1BBA3EC-6AD6-4625-9C36-075F90A95878}.Release|Any CPU.ActiveCfg = Release|Any CPU
		{A1BBA3EC-6AD6-4625-9C36-075F90A95878}.Release|Any CPU.Build.0 = Release|Any CPU
		{75DC876C-116B-4B7B-AB4D-77C28F531AC2}.Debug|Any CPU.ActiveCfg = Debug|Any CPU
		{75DC876C-116B-4B7B-AB4D-77C28F531AC2}.Debug|Any CPU.Build.0 = Debug|Any CPU
		{75DC876C-116B-4B7B-AB4D-77C28F531AC2}.Release|Any CPU.ActiveCfg = Release|Any CPU
		{75DC876C-116B-4B7B-AB4D-77C28F531AC2}.Release|Any CPU.Build.0 = Release|Any CPU
		{C81B40BD-6528-4849-B228-42FC89C329E7}.Debug|Any CPU.ActiveCfg = Debug|Any CPU
		{C81B40BD-6528-4849-B228-42FC89C329E7}.Debug|Any CPU.Build.0 = Debug|Any CPU
		{C81B40BD-6528-4849-B228-42FC89C329E7}.Release|Any CPU.ActiveCfg = Release|Any CPU
		{C81B40BD-6528-4849-B228-42FC89C329E7}.Release|Any CPU.Build.0 = Release|Any CPU
		{C6E8F809-88E5-4994-A4F4-652AADAFFA61}.Debug|Any CPU.ActiveCfg = Debug|Any CPU
		{C6E8F809-88E5-4994-A4F4-652AADAFFA61}.Debug|Any CPU.Build.0 = Debug|Any CPU
		{C6E8F809-88E5-4994-A4F4-652AADAFFA61}.Release|Any CPU.ActiveCfg = Release|Any CPU
		{C6E8F809-88E5-4994-A4F4-652AADAFFA61}.Release|Any CPU.Build.0 = Release|Any CPU
		{256235DB-25CD-4E7C-9DE0-7443262CCECE}.Debug|Any CPU.ActiveCfg = Debug|Any CPU
		{256235DB-25CD-4E7C-9DE0-7443262CCECE}.Debug|Any CPU.Build.0 = Debug|Any CPU
		{256235DB-25CD-4E7C-9DE0-7443262CCECE}.Release|Any CPU.ActiveCfg = Release|Any CPU
		{256235DB-25CD-4E7C-9DE0-7443262CCECE}.Release|Any CPU.Build.0 = Release|Any CPU
		{30B196B2-B8DB-4386-A14E-24467F0EE412}.Debug|Any CPU.ActiveCfg = Debug|Any CPU
		{30B196B2-B8DB-4386-A14E-24467F0EE412}.Debug|Any CPU.Build.0 = Debug|Any CPU
		{30B196B2-B8DB-4386-A14E-24467F0EE412}.Release|Any CPU.ActiveCfg = Release|Any CPU
		{30B196B2-B8DB-4386-A14E-24467F0EE412}.Release|Any CPU.Build.0 = Release|Any CPU
		{C42FEA25-2C6D-4A8F-8DF8-4718255DD82C}.Debug|Any CPU.ActiveCfg = Debug|Any CPU
		{C42FEA25-2C6D-4A8F-8DF8-4718255DD82C}.Debug|Any CPU.Build.0 = Debug|Any CPU
		{C42FEA25-2C6D-4A8F-8DF8-4718255DD82C}.Release|Any CPU.ActiveCfg = Release|Any CPU
		{C42FEA25-2C6D-4A8F-8DF8-4718255DD82C}.Release|Any CPU.Build.0 = Release|Any CPU
		{1D37CE67-E561-4596-9AB5-B5812A0EAE35}.Debug|Any CPU.ActiveCfg = Debug|Any CPU
		{1D37CE67-E561-4596-9AB5-B5812A0EAE35}.Debug|Any CPU.Build.0 = Debug|Any CPU
		{1D37CE67-E561-4596-9AB5-B5812A0EAE35}.Release|Any CPU.ActiveCfg = Release|Any CPU
		{1D37CE67-E561-4596-9AB5-B5812A0EAE35}.Release|Any CPU.Build.0 = Release|Any CPU
		{54956D0A-D621-45F4-9A6B-BC013633250F}.Debug|Any CPU.ActiveCfg = Debug|Any CPU
		{54956D0A-D621-45F4-9A6B-BC013633250F}.Debug|Any CPU.Build.0 = Debug|Any CPU
		{54956D0A-D621-45F4-9A6B-BC013633250F}.Release|Any CPU.ActiveCfg = Release|Any CPU
		{54956D0A-D621-45F4-9A6B-BC013633250F}.Release|Any CPU.Build.0 = Release|Any CPU
		{0016683A-83EF-4194-BCFB-4B3B6C27CF3B}.Debug|Any CPU.ActiveCfg = Debug|Any CPU
		{0016683A-83EF-4194-BCFB-4B3B6C27CF3B}.Debug|Any CPU.Build.0 = Debug|Any CPU
		{0016683A-83EF-4194-BCFB-4B3B6C27CF3B}.Release|Any CPU.ActiveCfg = Release|Any CPU
		{0016683A-83EF-4194-BCFB-4B3B6C27CF3B}.Release|Any CPU.Build.0 = Release|Any CPU
		{B8822376-9A1D-4169-A77F-67067C0D6929}.Debug|Any CPU.ActiveCfg = Debug|Any CPU
		{B8822376-9A1D-4169-A77F-67067C0D6929}.Debug|Any CPU.Build.0 = Debug|Any CPU
		{B8822376-9A1D-4169-A77F-67067C0D6929}.Release|Any CPU.ActiveCfg = Release|Any CPU
		{B8822376-9A1D-4169-A77F-67067C0D6929}.Release|Any CPU.Build.0 = Release|Any CPU
		{C12CFE50-52DD-47C1-9C60-057D1A804971}.Debug|Any CPU.ActiveCfg = Debug|Any CPU
		{C12CFE50-52DD-47C1-9C60-057D1A804971}.Debug|Any CPU.Build.0 = Debug|Any CPU
		{C12CFE50-52DD-47C1-9C60-057D1A804971}.Release|Any CPU.ActiveCfg = Release|Any CPU
		{C12CFE50-52DD-47C1-9C60-057D1A804971}.Release|Any CPU.Build.0 = Release|Any CPU
		{2E2A4ADC-07D5-45CE-8878-CD1B78A1BB17}.Debug|Any CPU.ActiveCfg = Debug|Any CPU
		{2E2A4ADC-07D5-45CE-8878-CD1B78A1BB17}.Debug|Any CPU.Build.0 = Debug|Any CPU
		{2E2A4ADC-07D5-45CE-8878-CD1B78A1BB17}.Release|Any CPU.ActiveCfg = Release|Any CPU
		{2E2A4ADC-07D5-45CE-8878-CD1B78A1BB17}.Release|Any CPU.Build.0 = Release|Any CPU
		{30E579F4-9363-489B-AEDA-9E1A9AC56DD9}.Debug|Any CPU.ActiveCfg = Debug|Any CPU
		{30E579F4-9363-489B-AEDA-9E1A9AC56DD9}.Debug|Any CPU.Build.0 = Debug|Any CPU
		{30E579F4-9363-489B-AEDA-9E1A9AC56DD9}.Release|Any CPU.ActiveCfg = Release|Any CPU
		{30E579F4-9363-489B-AEDA-9E1A9AC56DD9}.Release|Any CPU.Build.0 = Release|Any CPU
		{C363C2B8-01CA-4453-918A-3BF22609ED2E}.Debug|Any CPU.ActiveCfg = Debug|Any CPU
		{C363C2B8-01CA-4453-918A-3BF22609ED2E}.Debug|Any CPU.Build.0 = Debug|Any CPU
		{C363C2B8-01CA-4453-918A-3BF22609ED2E}.Release|Any CPU.ActiveCfg = Release|Any CPU
		{C363C2B8-01CA-4453-918A-3BF22609ED2E}.Release|Any CPU.Build.0 = Release|Any CPU
		{48100858-8A31-4B7B-98D8-D662286C1773}.Debug|Any CPU.ActiveCfg = Debug|Any CPU
		{48100858-8A31-4B7B-98D8-D662286C1773}.Debug|Any CPU.Build.0 = Debug|Any CPU
		{48100858-8A31-4B7B-98D8-D662286C1773}.Release|Any CPU.ActiveCfg = Release|Any CPU
		{48100858-8A31-4B7B-98D8-D662286C1773}.Release|Any CPU.Build.0 = Release|Any CPU
		{F834D344-7120-4A0F-8045-B95B2FDD1E0E}.Debug|Any CPU.ActiveCfg = Debug|Any CPU
		{F834D344-7120-4A0F-8045-B95B2FDD1E0E}.Debug|Any CPU.Build.0 = Debug|Any CPU
		{F834D344-7120-4A0F-8045-B95B2FDD1E0E}.Release|Any CPU.ActiveCfg = Release|Any CPU
		{F834D344-7120-4A0F-8045-B95B2FDD1E0E}.Release|Any CPU.Build.0 = Release|Any CPU
	EndGlobalSection
	GlobalSection(SolutionProperties) = preSolution
		HideSolutionNode = FALSE
	EndGlobalSection
	GlobalSection(ExtensibilityGlobals) = postSolution
		SolutionGuid = {78590FFD-B003-4E54-BC64-E3EDD21F9D0F}
	EndGlobalSection
EndGlobal
