
Microsoft Visual Studio Solution File, Format Version 12.00
# Visual Studio 15
VisualStudioVersion = 15.0.27703.2035
MinimumVisualStudioVersion = 10.0.40219.1
Project("{FAE04EC0-301F-11D3-BF4B-00C04F79EFBC}") = "extractEmails", "extractEmails\extractEmails.csproj", "{59021DE7-CC37-48D7-9C17-F96D452FF729}"
EndProject
Project("{FAE04EC0-301F-11D3-BF4B-00C04F79EFBC}") = "extractSentencesBuKeyword", "extractSentencesBuKeyword\extractSentencesBuKeyword.csproj", "{667C1F71-507B-436B-A5C3-A6C80118956E}"
EndProject
Project("{FAE04EC0-301F-11D3-BF4B-00C04F79EFBC}") = "cameraView", "cameraView\cameraView.csproj", "{DF5B9E37-4F95-4B70-BCF0-3D11D015EDD6}"
EndProject
Project("{FAE04EC0-301F-11D3-BF4B-00C04F79EFBC}") = "weather", "weather\weather.csproj", "{FA447F92-D8E9-41C5-99F9-B7B5AAB04709}"
EndProject
Project("{FAE04EC0-301F-11D3-BF4B-00C04F79EFBC}") = "keyReplacer", "keyReplacer\keyReplacer.csproj", "{565688D7-2C4F-4D5A-90D6-CC522215A82D}"
EndProject
Project("{FAE04EC0-301F-11D3-BF4B-00C04F79EFBC}") = "vallidUsernames", "vallidUsernames\vallidUsernames.csproj", "{1380223C-A81B-41E8-8ADF-3925C007FC0F}"
EndProject
Project("{FAE04EC0-301F-11D3-BF4B-00C04F79EFBC}") = "queryMess", "queryMess\queryMess.csproj", "{BEC236EC-47CE-4C70-ABC3-4C30158370AF}"
EndProject
Project("{FAE04EC0-301F-11D3-BF4B-00C04F79EFBC}") = "useYourChainsBuddy", "useYourChainsBuddy\useYourChainsBuddy.csproj", "{1DA659DE-7D2E-44C4-A38A-E8D051B4AFE5}"
EndProject
Project("{FAE04EC0-301F-11D3-BF4B-00C04F79EFBC}") = "censorship", "censorship\censorship.csproj", "{454EFB51-C0E8-4AD8-9D9E-0D264D4C1067}"
EndProject
Project("{FAE04EC0-301F-11D3-BF4B-00C04F79EFBC}") = "emailMe", "emailMe\emailMe.csproj", "{6C1C668A-9701-4E33-A2B5-DEB4AE8562A5}"
EndProject
Project("{FAE04EC0-301F-11D3-BF4B-00C04F79EFBC}") = "karateStrings", "karateStrings\karateStrings.csproj", "{A713CB3E-6606-4FCB-9662-4F76E2193604}"
EndProject
Global
	GlobalSection(SolutionConfigurationPlatforms) = preSolution
		Debug|Any CPU = Debug|Any CPU
		Release|Any CPU = Release|Any CPU
	EndGlobalSection
	GlobalSection(ProjectConfigurationPlatforms) = postSolution
		{59021DE7-CC37-48D7-9C17-F96D452FF729}.Debug|Any CPU.ActiveCfg = Debug|Any CPU
		{59021DE7-CC37-48D7-9C17-F96D452FF729}.Debug|Any CPU.Build.0 = Debug|Any CPU
		{59021DE7-CC37-48D7-9C17-F96D452FF729}.Release|Any CPU.ActiveCfg = Release|Any CPU
		{59021DE7-CC37-48D7-9C17-F96D452FF729}.Release|Any CPU.Build.0 = Release|Any CPU
		{667C1F71-507B-436B-A5C3-A6C80118956E}.Debug|Any CPU.ActiveCfg = Debug|Any CPU
		{667C1F71-507B-436B-A5C3-A6C80118956E}.Debug|Any CPU.Build.0 = Debug|Any CPU
		{667C1F71-507B-436B-A5C3-A6C80118956E}.Release|Any CPU.ActiveCfg = Release|Any CPU
		{667C1F71-507B-436B-A5C3-A6C80118956E}.Release|Any CPU.Build.0 = Release|Any CPU
		{DF5B9E37-4F95-4B70-BCF0-3D11D015EDD6}.Debug|Any CPU.ActiveCfg = Debug|Any CPU
		{DF5B9E37-4F95-4B70-BCF0-3D11D015EDD6}.Debug|Any CPU.Build.0 = Debug|Any CPU
		{DF5B9E37-4F95-4B70-BCF0-3D11D015EDD6}.Release|Any CPU.ActiveCfg = Release|Any CPU
		{DF5B9E37-4F95-4B70-BCF0-3D11D015EDD6}.Release|Any CPU.Build.0 = Release|Any CPU
		{FA447F92-D8E9-41C5-99F9-B7B5AAB04709}.Debug|Any CPU.ActiveCfg = Debug|Any CPU
		{FA447F92-D8E9-41C5-99F9-B7B5AAB04709}.Debug|Any CPU.Build.0 = Debug|Any CPU
		{FA447F92-D8E9-41C5-99F9-B7B5AAB04709}.Release|Any CPU.ActiveCfg = Release|Any CPU
		{FA447F92-D8E9-41C5-99F9-B7B5AAB04709}.Release|Any CPU.Build.0 = Release|Any CPU
		{565688D7-2C4F-4D5A-90D6-CC522215A82D}.Debug|Any CPU.ActiveCfg = Debug|Any CPU
		{565688D7-2C4F-4D5A-90D6-CC522215A82D}.Debug|Any CPU.Build.0 = Debug|Any CPU
		{565688D7-2C4F-4D5A-90D6-CC522215A82D}.Release|Any CPU.ActiveCfg = Release|Any CPU
		{565688D7-2C4F-4D5A-90D6-CC522215A82D}.Release|Any CPU.Build.0 = Release|Any CPU
		{1380223C-A81B-41E8-8ADF-3925C007FC0F}.Debug|Any CPU.ActiveCfg = Debug|Any CPU
		{1380223C-A81B-41E8-8ADF-3925C007FC0F}.Debug|Any CPU.Build.0 = Debug|Any CPU
		{1380223C-A81B-41E8-8ADF-3925C007FC0F}.Release|Any CPU.ActiveCfg = Release|Any CPU
		{1380223C-A81B-41E8-8ADF-3925C007FC0F}.Release|Any CPU.Build.0 = Release|Any CPU
		{BEC236EC-47CE-4C70-ABC3-4C30158370AF}.Debug|Any CPU.ActiveCfg = Debug|Any CPU
		{BEC236EC-47CE-4C70-ABC3-4C30158370AF}.Debug|Any CPU.Build.0 = Debug|Any CPU
		{BEC236EC-47CE-4C70-ABC3-4C30158370AF}.Release|Any CPU.ActiveCfg = Release|Any CPU
		{BEC236EC-47CE-4C70-ABC3-4C30158370AF}.Release|Any CPU.Build.0 = Release|Any CPU
		{1DA659DE-7D2E-44C4-A38A-E8D051B4AFE5}.Debug|Any CPU.ActiveCfg = Debug|Any CPU
		{1DA659DE-7D2E-44C4-A38A-E8D051B4AFE5}.Debug|Any CPU.Build.0 = Debug|Any CPU
		{1DA659DE-7D2E-44C4-A38A-E8D051B4AFE5}.Release|Any CPU.ActiveCfg = Release|Any CPU
		{1DA659DE-7D2E-44C4-A38A-E8D051B4AFE5}.Release|Any CPU.Build.0 = Release|Any CPU
		{454EFB51-C0E8-4AD8-9D9E-0D264D4C1067}.Debug|Any CPU.ActiveCfg = Debug|Any CPU
		{454EFB51-C0E8-4AD8-9D9E-0D264D4C1067}.Debug|Any CPU.Build.0 = Debug|Any CPU
		{454EFB51-C0E8-4AD8-9D9E-0D264D4C1067}.Release|Any CPU.ActiveCfg = Release|Any CPU
		{454EFB51-C0E8-4AD8-9D9E-0D264D4C1067}.Release|Any CPU.Build.0 = Release|Any CPU
		{6C1C668A-9701-4E33-A2B5-DEB4AE8562A5}.Debug|Any CPU.ActiveCfg = Debug|Any CPU
		{6C1C668A-9701-4E33-A2B5-DEB4AE8562A5}.Debug|Any CPU.Build.0 = Debug|Any CPU
		{6C1C668A-9701-4E33-A2B5-DEB4AE8562A5}.Release|Any CPU.ActiveCfg = Release|Any CPU
		{6C1C668A-9701-4E33-A2B5-DEB4AE8562A5}.Release|Any CPU.Build.0 = Release|Any CPU
		{A713CB3E-6606-4FCB-9662-4F76E2193604}.Debug|Any CPU.ActiveCfg = Debug|Any CPU
		{A713CB3E-6606-4FCB-9662-4F76E2193604}.Debug|Any CPU.Build.0 = Debug|Any CPU
		{A713CB3E-6606-4FCB-9662-4F76E2193604}.Release|Any CPU.ActiveCfg = Release|Any CPU
		{A713CB3E-6606-4FCB-9662-4F76E2193604}.Release|Any CPU.Build.0 = Release|Any CPU
	EndGlobalSection
	GlobalSection(SolutionProperties) = preSolution
		HideSolutionNode = FALSE
	EndGlobalSection
	GlobalSection(ExtensibilityGlobals) = postSolution
		SolutionGuid = {2FDF57F7-51BF-4E87-99E6-0936EA059115}
	EndGlobalSection
EndGlobal
