
Microsoft Visual Studio Solution File, Format Version 12.00
# Visual Studio 15
VisualStudioVersion = 15.0.27703.2000
MinimumVisualStudioVersion = 10.0.40219.1
Project("{9A19103F-16F7-4668-BE54-9A1E7A4F7556}") = "passed", "passed\passed.csproj", "{F3532F2D-016F-4E31-B8BB-EE84C70DE35E}"
EndProject
Project("{9A19103F-16F7-4668-BE54-9A1E7A4F7556}") = "passedOrFailed", "passedOrFailed\passedOrFailed.csproj", "{7A5D0D63-1F72-4C77-8B60-2A8F30736FE2}"
EndProject
Project("{9A19103F-16F7-4668-BE54-9A1E7A4F7556}") = "backIn30Min", "backIn30Min\backIn30Min.csproj", "{0C25DD0D-30DB-478D-9BEF-71E06E379224}"
EndProject
Project("{FAE04EC0-301F-11D3-BF4B-00C04F79EFBC}") = "monthPrinter", "monthPrinter\monthPrinter.csproj", "{B4830E9D-D9AD-4D02-A6E8-DBE4EE69BB04}"
EndProject
Project("{FAE04EC0-301F-11D3-BF4B-00C04F79EFBC}") = "foreignLanguages", "foreignLanguages\foreignLanguages.csproj", "{C80AFCCA-CC31-4766-B9DC-A91856470944}"
EndProject
Project("{FAE04EC0-301F-11D3-BF4B-00C04F79EFBC}") = "theatrePromotions", "theatrePromotions\theatrePromotions.csproj", "{FA1B1DE5-B788-49EB-8DE2-13EFD13A6C8D}"
EndProject
Project("{FAE04EC0-301F-11D3-BF4B-00C04F79EFBC}") = "dividedBy3", "dividedBy3\dividedBy3.csproj", "{D6B2755B-0D1E-4A59-B406-D4D16DA98EB5}"
EndProject
Project("{FAE04EC0-301F-11D3-BF4B-00C04F79EFBC}") = "sumOfOddNumbers", "sumOfOddNumbers\sumOfOddNumbers.csproj", "{B6F1708A-35C5-4EB5-9685-AF889A6A0A1C}"
EndProject
Project("{FAE04EC0-301F-11D3-BF4B-00C04F79EFBC}") = "multiplicationTable", "multiplicationTable\multiplicationTable.csproj", "{5FBA74F2-31AB-44AA-BAEE-D8FCD3C9B7F1}"
EndProject
Project("{FAE04EC0-301F-11D3-BF4B-00C04F79EFBC}") = "multiplicationTable2.0", "multiplicationTable2.0\multiplicationTable2.0.csproj", "{342D6229-0D30-4985-9549-B3FDA334F608}"
EndProject
Project("{FAE04EC0-301F-11D3-BF4B-00C04F79EFBC}") = "oddNumber", "oddNumber\oddNumber.csproj", "{A2E2D9BD-7001-40EA-82AE-4D5E14514CA4}"
EndProject
Project("{FAE04EC0-301F-11D3-BF4B-00C04F79EFBC}") = "numberChecker", "numberChecker\numberChecker.csproj", "{3CF84A04-E14C-4138-8C16-0099B70BB99A}"
EndProject
Global
	GlobalSection(SolutionConfigurationPlatforms) = preSolution
		Debug|Any CPU = Debug|Any CPU
		Release|Any CPU = Release|Any CPU
	EndGlobalSection
	GlobalSection(ProjectConfigurationPlatforms) = postSolution
		{F3532F2D-016F-4E31-B8BB-EE84C70DE35E}.Debug|Any CPU.ActiveCfg = Debug|Any CPU
		{F3532F2D-016F-4E31-B8BB-EE84C70DE35E}.Debug|Any CPU.Build.0 = Debug|Any CPU
		{F3532F2D-016F-4E31-B8BB-EE84C70DE35E}.Release|Any CPU.ActiveCfg = Release|Any CPU
		{F3532F2D-016F-4E31-B8BB-EE84C70DE35E}.Release|Any CPU.Build.0 = Release|Any CPU
		{7A5D0D63-1F72-4C77-8B60-2A8F30736FE2}.Debug|Any CPU.ActiveCfg = Debug|Any CPU
		{7A5D0D63-1F72-4C77-8B60-2A8F30736FE2}.Debug|Any CPU.Build.0 = Debug|Any CPU
		{7A5D0D63-1F72-4C77-8B60-2A8F30736FE2}.Release|Any CPU.ActiveCfg = Release|Any CPU
		{7A5D0D63-1F72-4C77-8B60-2A8F30736FE2}.Release|Any CPU.Build.0 = Release|Any CPU
		{0C25DD0D-30DB-478D-9BEF-71E06E379224}.Debug|Any CPU.ActiveCfg = Debug|Any CPU
		{0C25DD0D-30DB-478D-9BEF-71E06E379224}.Debug|Any CPU.Build.0 = Debug|Any CPU
		{0C25DD0D-30DB-478D-9BEF-71E06E379224}.Release|Any CPU.ActiveCfg = Release|Any CPU
		{0C25DD0D-30DB-478D-9BEF-71E06E379224}.Release|Any CPU.Build.0 = Release|Any CPU
		{B4830E9D-D9AD-4D02-A6E8-DBE4EE69BB04}.Debug|Any CPU.ActiveCfg = Debug|Any CPU
		{B4830E9D-D9AD-4D02-A6E8-DBE4EE69BB04}.Debug|Any CPU.Build.0 = Debug|Any CPU
		{B4830E9D-D9AD-4D02-A6E8-DBE4EE69BB04}.Release|Any CPU.ActiveCfg = Release|Any CPU
		{B4830E9D-D9AD-4D02-A6E8-DBE4EE69BB04}.Release|Any CPU.Build.0 = Release|Any CPU
		{C80AFCCA-CC31-4766-B9DC-A91856470944}.Debug|Any CPU.ActiveCfg = Debug|Any CPU
		{C80AFCCA-CC31-4766-B9DC-A91856470944}.Debug|Any CPU.Build.0 = Debug|Any CPU
		{C80AFCCA-CC31-4766-B9DC-A91856470944}.Release|Any CPU.ActiveCfg = Release|Any CPU
		{C80AFCCA-CC31-4766-B9DC-A91856470944}.Release|Any CPU.Build.0 = Release|Any CPU
		{FA1B1DE5-B788-49EB-8DE2-13EFD13A6C8D}.Debug|Any CPU.ActiveCfg = Debug|Any CPU
		{FA1B1DE5-B788-49EB-8DE2-13EFD13A6C8D}.Debug|Any CPU.Build.0 = Debug|Any CPU
		{FA1B1DE5-B788-49EB-8DE2-13EFD13A6C8D}.Release|Any CPU.ActiveCfg = Release|Any CPU
		{FA1B1DE5-B788-49EB-8DE2-13EFD13A6C8D}.Release|Any CPU.Build.0 = Release|Any CPU
		{D6B2755B-0D1E-4A59-B406-D4D16DA98EB5}.Debug|Any CPU.ActiveCfg = Debug|Any CPU
		{D6B2755B-0D1E-4A59-B406-D4D16DA98EB5}.Debug|Any CPU.Build.0 = Debug|Any CPU
		{D6B2755B-0D1E-4A59-B406-D4D16DA98EB5}.Release|Any CPU.ActiveCfg = Release|Any CPU
		{D6B2755B-0D1E-4A59-B406-D4D16DA98EB5}.Release|Any CPU.Build.0 = Release|Any CPU
		{B6F1708A-35C5-4EB5-9685-AF889A6A0A1C}.Debug|Any CPU.ActiveCfg = Debug|Any CPU
		{B6F1708A-35C5-4EB5-9685-AF889A6A0A1C}.Debug|Any CPU.Build.0 = Debug|Any CPU
		{B6F1708A-35C5-4EB5-9685-AF889A6A0A1C}.Release|Any CPU.ActiveCfg = Release|Any CPU
		{B6F1708A-35C5-4EB5-9685-AF889A6A0A1C}.Release|Any CPU.Build.0 = Release|Any CPU
		{5FBA74F2-31AB-44AA-BAEE-D8FCD3C9B7F1}.Debug|Any CPU.ActiveCfg = Debug|Any CPU
		{5FBA74F2-31AB-44AA-BAEE-D8FCD3C9B7F1}.Debug|Any CPU.Build.0 = Debug|Any CPU
		{5FBA74F2-31AB-44AA-BAEE-D8FCD3C9B7F1}.Release|Any CPU.ActiveCfg = Release|Any CPU
		{5FBA74F2-31AB-44AA-BAEE-D8FCD3C9B7F1}.Release|Any CPU.Build.0 = Release|Any CPU
		{342D6229-0D30-4985-9549-B3FDA334F608}.Debug|Any CPU.ActiveCfg = Debug|Any CPU
		{342D6229-0D30-4985-9549-B3FDA334F608}.Debug|Any CPU.Build.0 = Debug|Any CPU
		{342D6229-0D30-4985-9549-B3FDA334F608}.Release|Any CPU.ActiveCfg = Release|Any CPU
		{342D6229-0D30-4985-9549-B3FDA334F608}.Release|Any CPU.Build.0 = Release|Any CPU
		{A2E2D9BD-7001-40EA-82AE-4D5E14514CA4}.Debug|Any CPU.ActiveCfg = Debug|Any CPU
		{A2E2D9BD-7001-40EA-82AE-4D5E14514CA4}.Debug|Any CPU.Build.0 = Debug|Any CPU
		{A2E2D9BD-7001-40EA-82AE-4D5E14514CA4}.Release|Any CPU.ActiveCfg = Release|Any CPU
		{A2E2D9BD-7001-40EA-82AE-4D5E14514CA4}.Release|Any CPU.Build.0 = Release|Any CPU
		{3CF84A04-E14C-4138-8C16-0099B70BB99A}.Debug|Any CPU.ActiveCfg = Debug|Any CPU
		{3CF84A04-E14C-4138-8C16-0099B70BB99A}.Debug|Any CPU.Build.0 = Debug|Any CPU
		{3CF84A04-E14C-4138-8C16-0099B70BB99A}.Release|Any CPU.ActiveCfg = Release|Any CPU
		{3CF84A04-E14C-4138-8C16-0099B70BB99A}.Release|Any CPU.Build.0 = Release|Any CPU
	EndGlobalSection
	GlobalSection(SolutionProperties) = preSolution
		HideSolutionNode = FALSE
	EndGlobalSection
	GlobalSection(ExtensibilityGlobals) = postSolution
		SolutionGuid = {57325F48-35E2-4D34-95FD-3EC81861118E}
	EndGlobalSection
EndGlobal
