
Microsoft Visual Studio Solution File, Format Version 12.00
# Visual Studio 15
VisualStudioVersion = 15.0.27703.2035
MinimumVisualStudioVersion = 10.0.40219.1
Project("{9A19103F-16F7-4668-BE54-9A1E7A4F7556}") = "countWorkingDays", "countWorkingDays\countWorkingDays.csproj", "{71B5B981-C787-4603-AFC4-8C6F77ECBB17}"
EndProject
Project("{9A19103F-16F7-4668-BE54-9A1E7A4F7556}") = "advertisementMessage", "advertisementMessage\advertisementMessage.csproj", "{873756C8-36F0-490E-B26D-32B15D3E24CF}"
EndProject
Project("{9A19103F-16F7-4668-BE54-9A1E7A4F7556}") = "intersectionOfCurcles", "intersectionOfCurcles\intersectionOfCurcles.csproj", "{7AFD8FAA-759A-473A-8097-1FBE0E05E968}"
EndProject
Project("{9A19103F-16F7-4668-BE54-9A1E7A4F7556}") = "averageGrades", "averageGrades\averageGrades.csproj", "{D40F6AF8-8EDE-4FF8-9EE3-8F093029A748}"
EndProject
Project("{9A19103F-16F7-4668-BE54-9A1E7A4F7556}") = "bookLibrary", "bookLibrary\bookLibrary.csproj", "{35177122-DA71-4B1F-84D8-45BA625D1172}"
EndProject
Project("{9A19103F-16F7-4668-BE54-9A1E7A4F7556}") = "bookLibraryModification", "bookLibraryModification\bookLibraryModification.csproj", "{5DEF417B-EBE4-4B95-B90E-B195D7284777}"
EndProject
Project("{9A19103F-16F7-4668-BE54-9A1E7A4F7556}") = "andreyAndBilliard", "andreyAndBilliard\andreyAndBilliard.csproj", "{C4D60455-A30F-4F71-B4C4-1A75353F49EB}"
EndProject
Project("{9A19103F-16F7-4668-BE54-9A1E7A4F7556}") = "mentorGroup", "mentorGroup\mentorGroup.csproj", "{876B95B5-B21F-4581-A1C1-0CE6E9CF3593}"
EndProject
Project("{9A19103F-16F7-4668-BE54-9A1E7A4F7556}") = "teamworkProjects", "teamworkProjects\teamworkProjects.csproj", "{051ED56A-62F0-419A-93A1-ED24B86A76DA}"
EndProject
Project("{FAE04EC0-301F-11D3-BF4B-00C04F79EFBC}") = "dragonArmy", "dragonArmy\dragonArmy.csproj", "{01E7E80A-B3B7-44F7-9F5F-BBAF24154F16}"
EndProject
Global
	GlobalSection(SolutionConfigurationPlatforms) = preSolution
		Debug|Any CPU = Debug|Any CPU
		Release|Any CPU = Release|Any CPU
	EndGlobalSection
	GlobalSection(ProjectConfigurationPlatforms) = postSolution
		{71B5B981-C787-4603-AFC4-8C6F77ECBB17}.Debug|Any CPU.ActiveCfg = Debug|Any CPU
		{71B5B981-C787-4603-AFC4-8C6F77ECBB17}.Debug|Any CPU.Build.0 = Debug|Any CPU
		{71B5B981-C787-4603-AFC4-8C6F77ECBB17}.Release|Any CPU.ActiveCfg = Release|Any CPU
		{71B5B981-C787-4603-AFC4-8C6F77ECBB17}.Release|Any CPU.Build.0 = Release|Any CPU
		{873756C8-36F0-490E-B26D-32B15D3E24CF}.Debug|Any CPU.ActiveCfg = Debug|Any CPU
		{873756C8-36F0-490E-B26D-32B15D3E24CF}.Debug|Any CPU.Build.0 = Debug|Any CPU
		{873756C8-36F0-490E-B26D-32B15D3E24CF}.Release|Any CPU.ActiveCfg = Release|Any CPU
		{873756C8-36F0-490E-B26D-32B15D3E24CF}.Release|Any CPU.Build.0 = Release|Any CPU
		{7AFD8FAA-759A-473A-8097-1FBE0E05E968}.Debug|Any CPU.ActiveCfg = Debug|Any CPU
		{7AFD8FAA-759A-473A-8097-1FBE0E05E968}.Debug|Any CPU.Build.0 = Debug|Any CPU
		{7AFD8FAA-759A-473A-8097-1FBE0E05E968}.Release|Any CPU.ActiveCfg = Release|Any CPU
		{7AFD8FAA-759A-473A-8097-1FBE0E05E968}.Release|Any CPU.Build.0 = Release|Any CPU
		{D40F6AF8-8EDE-4FF8-9EE3-8F093029A748}.Debug|Any CPU.ActiveCfg = Debug|Any CPU
		{D40F6AF8-8EDE-4FF8-9EE3-8F093029A748}.Debug|Any CPU.Build.0 = Debug|Any CPU
		{D40F6AF8-8EDE-4FF8-9EE3-8F093029A748}.Release|Any CPU.ActiveCfg = Release|Any CPU
		{D40F6AF8-8EDE-4FF8-9EE3-8F093029A748}.Release|Any CPU.Build.0 = Release|Any CPU
		{35177122-DA71-4B1F-84D8-45BA625D1172}.Debug|Any CPU.ActiveCfg = Debug|Any CPU
		{35177122-DA71-4B1F-84D8-45BA625D1172}.Debug|Any CPU.Build.0 = Debug|Any CPU
		{35177122-DA71-4B1F-84D8-45BA625D1172}.Release|Any CPU.ActiveCfg = Release|Any CPU
		{35177122-DA71-4B1F-84D8-45BA625D1172}.Release|Any CPU.Build.0 = Release|Any CPU
		{5DEF417B-EBE4-4B95-B90E-B195D7284777}.Debug|Any CPU.ActiveCfg = Debug|Any CPU
		{5DEF417B-EBE4-4B95-B90E-B195D7284777}.Debug|Any CPU.Build.0 = Debug|Any CPU
		{5DEF417B-EBE4-4B95-B90E-B195D7284777}.Release|Any CPU.ActiveCfg = Release|Any CPU
		{5DEF417B-EBE4-4B95-B90E-B195D7284777}.Release|Any CPU.Build.0 = Release|Any CPU
		{C4D60455-A30F-4F71-B4C4-1A75353F49EB}.Debug|Any CPU.ActiveCfg = Debug|Any CPU
		{C4D60455-A30F-4F71-B4C4-1A75353F49EB}.Debug|Any CPU.Build.0 = Debug|Any CPU
		{C4D60455-A30F-4F71-B4C4-1A75353F49EB}.Release|Any CPU.ActiveCfg = Release|Any CPU
		{C4D60455-A30F-4F71-B4C4-1A75353F49EB}.Release|Any CPU.Build.0 = Release|Any CPU
		{876B95B5-B21F-4581-A1C1-0CE6E9CF3593}.Debug|Any CPU.ActiveCfg = Debug|Any CPU
		{876B95B5-B21F-4581-A1C1-0CE6E9CF3593}.Debug|Any CPU.Build.0 = Debug|Any CPU
		{876B95B5-B21F-4581-A1C1-0CE6E9CF3593}.Release|Any CPU.ActiveCfg = Release|Any CPU
		{876B95B5-B21F-4581-A1C1-0CE6E9CF3593}.Release|Any CPU.Build.0 = Release|Any CPU
		{051ED56A-62F0-419A-93A1-ED24B86A76DA}.Debug|Any CPU.ActiveCfg = Debug|Any CPU
		{051ED56A-62F0-419A-93A1-ED24B86A76DA}.Debug|Any CPU.Build.0 = Debug|Any CPU
		{051ED56A-62F0-419A-93A1-ED24B86A76DA}.Release|Any CPU.ActiveCfg = Release|Any CPU
		{051ED56A-62F0-419A-93A1-ED24B86A76DA}.Release|Any CPU.Build.0 = Release|Any CPU
		{01E7E80A-B3B7-44F7-9F5F-BBAF24154F16}.Debug|Any CPU.ActiveCfg = Debug|Any CPU
		{01E7E80A-B3B7-44F7-9F5F-BBAF24154F16}.Debug|Any CPU.Build.0 = Debug|Any CPU
		{01E7E80A-B3B7-44F7-9F5F-BBAF24154F16}.Release|Any CPU.ActiveCfg = Release|Any CPU
		{01E7E80A-B3B7-44F7-9F5F-BBAF24154F16}.Release|Any CPU.Build.0 = Release|Any CPU
	EndGlobalSection
	GlobalSection(SolutionProperties) = preSolution
		HideSolutionNode = FALSE
	EndGlobalSection
	GlobalSection(ExtensibilityGlobals) = postSolution
		SolutionGuid = {04738CDB-E695-4EBA-81D8-C6B55616648C}
	EndGlobalSection
EndGlobal
