
Microsoft Visual Studio Solution File, Format Version 12.00
# Visual Studio 15
VisualStudioVersion = 15.0.27703.2042
MinimumVisualStudioVersion = 10.0.40219.1
Project("{FAE04EC0-301F-11D3-BF4B-00C04F79EFBC}") = "oddLines", "oddLines\oddLines.csproj", "{A1CC4C1C-C841-40CF-8E69-6C2DBDC67C9F}"
EndProject
Project("{FAE04EC0-301F-11D3-BF4B-00C04F79EFBC}") = "lineNumbers", "lineNumbers\lineNumbers.csproj", "{F293CD1D-8FAE-48A6-880A-694370AE8943}"
EndProject
Project("{FAE04EC0-301F-11D3-BF4B-00C04F79EFBC}") = "wordCount", "wordCount\wordCount.csproj", "{922398AB-03D9-4FA3-BE4F-C02452EE0919}"
EndProject
Project("{FAE04EC0-301F-11D3-BF4B-00C04F79EFBC}") = "mergeFiles", "mergeFiles\mergeFiles.csproj", "{F40312B6-485E-411A-A58E-1A08E1156264}"
EndProject
Project("{FAE04EC0-301F-11D3-BF4B-00C04F79EFBC}") = "foolderSize", "foolderSize\foolderSize.csproj", "{EAC65583-E42A-42B9-8FBA-EBD7FEB69E57}"
EndProject
Global
	GlobalSection(SolutionConfigurationPlatforms) = preSolution
		Debug|Any CPU = Debug|Any CPU
		Release|Any CPU = Release|Any CPU
	EndGlobalSection
	GlobalSection(ProjectConfigurationPlatforms) = postSolution
		{A1CC4C1C-C841-40CF-8E69-6C2DBDC67C9F}.Debug|Any CPU.ActiveCfg = Debug|Any CPU
		{A1CC4C1C-C841-40CF-8E69-6C2DBDC67C9F}.Debug|Any CPU.Build.0 = Debug|Any CPU
		{A1CC4C1C-C841-40CF-8E69-6C2DBDC67C9F}.Release|Any CPU.ActiveCfg = Release|Any CPU
		{A1CC4C1C-C841-40CF-8E69-6C2DBDC67C9F}.Release|Any CPU.Build.0 = Release|Any CPU
		{F293CD1D-8FAE-48A6-880A-694370AE8943}.Debug|Any CPU.ActiveCfg = Debug|Any CPU
		{F293CD1D-8FAE-48A6-880A-694370AE8943}.Debug|Any CPU.Build.0 = Debug|Any CPU
		{F293CD1D-8FAE-48A6-880A-694370AE8943}.Release|Any CPU.ActiveCfg = Release|Any CPU
		{F293CD1D-8FAE-48A6-880A-694370AE8943}.Release|Any CPU.Build.0 = Release|Any CPU
		{922398AB-03D9-4FA3-BE4F-C02452EE0919}.Debug|Any CPU.ActiveCfg = Debug|Any CPU
		{922398AB-03D9-4FA3-BE4F-C02452EE0919}.Debug|Any CPU.Build.0 = Debug|Any CPU
		{922398AB-03D9-4FA3-BE4F-C02452EE0919}.Release|Any CPU.ActiveCfg = Release|Any CPU
		{922398AB-03D9-4FA3-BE4F-C02452EE0919}.Release|Any CPU.Build.0 = Release|Any CPU
		{F40312B6-485E-411A-A58E-1A08E1156264}.Debug|Any CPU.ActiveCfg = Debug|Any CPU
		{F40312B6-485E-411A-A58E-1A08E1156264}.Debug|Any CPU.Build.0 = Debug|Any CPU
		{F40312B6-485E-411A-A58E-1A08E1156264}.Release|Any CPU.ActiveCfg = Release|Any CPU
		{F40312B6-485E-411A-A58E-1A08E1156264}.Release|Any CPU.Build.0 = Release|Any CPU
		{EAC65583-E42A-42B9-8FBA-EBD7FEB69E57}.Debug|Any CPU.ActiveCfg = Debug|Any CPU
		{EAC65583-E42A-42B9-8FBA-EBD7FEB69E57}.Debug|Any CPU.Build.0 = Debug|Any CPU
		{EAC65583-E42A-42B9-8FBA-EBD7FEB69E57}.Release|Any CPU.ActiveCfg = Release|Any CPU
		{EAC65583-E42A-42B9-8FBA-EBD7FEB69E57}.Release|Any CPU.Build.0 = Release|Any CPU
	EndGlobalSection
	GlobalSection(SolutionProperties) = preSolution
		HideSolutionNode = FALSE
	EndGlobalSection
	GlobalSection(ExtensibilityGlobals) = postSolution
		SolutionGuid = {3123CF6E-B161-4044-915C-5D8B56038067}
	EndGlobalSection
EndGlobal
