
Microsoft Visual Studio Solution File, Format Version 12.00
# Visual Studio 15
VisualStudioVersion = 15.0.27703.2000
MinimumVisualStudioVersion = 10.0.40219.1
Project("{9A19103F-16F7-4668-BE54-9A1E7A4F7556}") = "1.X", "1.X\1.X.csproj", "{EDE5A8CC-5717-4017-A7C4-8A79D9A0CBEF}"
EndProject
Project("{FAE04EC0-301F-11D3-BF4B-00C04F79EFBC}") = "vaporStore", "vaporStore\vaporStore.csproj", "{A97B3B9B-DDE2-4A26-81FE-B7A3A3566408}"
EndProject
Project("{FAE04EC0-301F-11D3-BF4B-00C04F79EFBC}") = "megapixels", "megapixels\megapixels.csproj", "{843A888B-75F6-41EB-BBA2-DB8DD80B0F9D}"
EndProject
Global
	GlobalSection(SolutionConfigurationPlatforms) = preSolution
		Debug|Any CPU = Debug|Any CPU
		Release|Any CPU = Release|Any CPU
	EndGlobalSection
	GlobalSection(ProjectConfigurationPlatforms) = postSolution
		{EDE5A8CC-5717-4017-A7C4-8A79D9A0CBEF}.Debug|Any CPU.ActiveCfg = Debug|Any CPU
		{EDE5A8CC-5717-4017-A7C4-8A79D9A0CBEF}.Debug|Any CPU.Build.0 = Debug|Any CPU
		{EDE5A8CC-5717-4017-A7C4-8A79D9A0CBEF}.Release|Any CPU.ActiveCfg = Release|Any CPU
		{EDE5A8CC-5717-4017-A7C4-8A79D9A0CBEF}.Release|Any CPU.Build.0 = Release|Any CPU
		{A97B3B9B-DDE2-4A26-81FE-B7A3A3566408}.Debug|Any CPU.ActiveCfg = Debug|Any CPU
		{A97B3B9B-DDE2-4A26-81FE-B7A3A3566408}.Debug|Any CPU.Build.0 = Debug|Any CPU
		{A97B3B9B-DDE2-4A26-81FE-B7A3A3566408}.Release|Any CPU.ActiveCfg = Release|Any CPU
		{A97B3B9B-DDE2-4A26-81FE-B7A3A3566408}.Release|Any CPU.Build.0 = Release|Any CPU
		{843A888B-75F6-41EB-BBA2-DB8DD80B0F9D}.Debug|Any CPU.ActiveCfg = Debug|Any CPU
		{843A888B-75F6-41EB-BBA2-DB8DD80B0F9D}.Debug|Any CPU.Build.0 = Debug|Any CPU
		{843A888B-75F6-41EB-BBA2-DB8DD80B0F9D}.Release|Any CPU.ActiveCfg = Release|Any CPU
		{843A888B-75F6-41EB-BBA2-DB8DD80B0F9D}.Release|Any CPU.Build.0 = Release|Any CPU
	EndGlobalSection
	GlobalSection(SolutionProperties) = preSolution
		HideSolutionNode = FALSE
	EndGlobalSection
	GlobalSection(ExtensibilityGlobals) = postSolution
		SolutionGuid = {F31AD2E7-CE41-4C6F-992A-85EA42DACE5E}
	EndGlobalSection
EndGlobal
