
Microsoft Visual Studio Solution File, Format Version 12.00
# Visual Studio 15
VisualStudioVersion = 15.0.27703.2018
MinimumVisualStudioVersion = 10.0.40219.1
Project("{FAE04EC0-301F-11D3-BF4B-00C04F79EFBC}") = "blankReceipt", "blankReceipt\blankReceipt.csproj", "{A8565F0B-911A-4530-BB10-BBE4D25B73BF}"
EndProject
Project("{FAE04EC0-301F-11D3-BF4B-00C04F79EFBC}") = "signOfIntegerNumber", "signOfIntegerNumber\signOfIntegerNumber.csproj", "{6C53BD2F-A143-49DA-8D1A-8EEC84BFC0D7}"
EndProject
Project("{FAE04EC0-301F-11D3-BF4B-00C04F79EFBC}") = "printingTriangle", "printingTriangle\printingTriangle.csproj", "{232CDE8F-5977-4D88-BD5A-D00B0E7A6E51}"
EndProject
Project("{FAE04EC0-301F-11D3-BF4B-00C04F79EFBC}") = "drawAFilledSquare", "drawAFilledSquare\drawAFilledSquare.csproj", "{4545B123-1FF0-4331-9598-4C1791E0C983}"
EndProject
Project("{FAE04EC0-301F-11D3-BF4B-00C04F79EFBC}") = "temperatureConversion", "temperatureConversion\temperatureConversion.csproj", "{2E15EC46-DCBB-42A6-A364-A9BDCAAB0839}"
EndProject
Project("{FAE04EC0-301F-11D3-BF4B-00C04F79EFBC}") = "calculateTriangleArea", "calculateTriangleArea\calculateTriangleArea.csproj", "{1597B0E9-3449-4220-9AB2-9F9F345AD1FA}"
EndProject
Project("{FAE04EC0-301F-11D3-BF4B-00C04F79EFBC}") = "mathPower", "mathPower\mathPower.csproj", "{82A8BCAA-E82B-45FD-9006-B98A9AAB2DF7}"
EndProject
Project("{FAE04EC0-301F-11D3-BF4B-00C04F79EFBC}") = "greaterOfTwoValues", "greaterOfTwoValues\greaterOfTwoValues.csproj", "{4A8159CC-50BD-4D22-BD48-E41E8B0968CB}"
EndProject
Project("{FAE04EC0-301F-11D3-BF4B-00C04F79EFBC}") = "multiplyEvensByOdds", "multiplyEvensByOdds\multiplyEvensByOdds.csproj", "{CFD0D770-DE7B-4DFF-AB0C-85661B6B3CEC}"
EndProject
Project("{FAE04EC0-301F-11D3-BF4B-00C04F79EFBC}") = "holidayBetweenToDates", "holidayBetweenToDates\holidayBetweenToDates.csproj", "{45BF50BC-0A3A-49AC-B836-7C88ECDBD277}"
EndProject
Project("{FAE04EC0-301F-11D3-BF4B-00C04F79EFBC}") = "priceChangeAlert", "priceChangeAlert\priceChangeAlert.csproj", "{C6C05370-7D23-4E5F-ABCF-309448799858}"
EndProject
Global
	GlobalSection(SolutionConfigurationPlatforms) = preSolution
		Debug|Any CPU = Debug|Any CPU
		Release|Any CPU = Release|Any CPU
	EndGlobalSection
	GlobalSection(ProjectConfigurationPlatforms) = postSolution
		{A8565F0B-911A-4530-BB10-BBE4D25B73BF}.Debug|Any CPU.ActiveCfg = Debug|Any CPU
		{A8565F0B-911A-4530-BB10-BBE4D25B73BF}.Debug|Any CPU.Build.0 = Debug|Any CPU
		{A8565F0B-911A-4530-BB10-BBE4D25B73BF}.Release|Any CPU.ActiveCfg = Release|Any CPU
		{A8565F0B-911A-4530-BB10-BBE4D25B73BF}.Release|Any CPU.Build.0 = Release|Any CPU
		{6C53BD2F-A143-49DA-8D1A-8EEC84BFC0D7}.Debug|Any CPU.ActiveCfg = Debug|Any CPU
		{6C53BD2F-A143-49DA-8D1A-8EEC84BFC0D7}.Debug|Any CPU.Build.0 = Debug|Any CPU
		{6C53BD2F-A143-49DA-8D1A-8EEC84BFC0D7}.Release|Any CPU.ActiveCfg = Release|Any CPU
		{6C53BD2F-A143-49DA-8D1A-8EEC84BFC0D7}.Release|Any CPU.Build.0 = Release|Any CPU
		{232CDE8F-5977-4D88-BD5A-D00B0E7A6E51}.Debug|Any CPU.ActiveCfg = Debug|Any CPU
		{232CDE8F-5977-4D88-BD5A-D00B0E7A6E51}.Debug|Any CPU.Build.0 = Debug|Any CPU
		{232CDE8F-5977-4D88-BD5A-D00B0E7A6E51}.Release|Any CPU.ActiveCfg = Release|Any CPU
		{232CDE8F-5977-4D88-BD5A-D00B0E7A6E51}.Release|Any CPU.Build.0 = Release|Any CPU
		{4545B123-1FF0-4331-9598-4C1791E0C983}.Debug|Any CPU.ActiveCfg = Debug|Any CPU
		{4545B123-1FF0-4331-9598-4C1791E0C983}.Debug|Any CPU.Build.0 = Debug|Any CPU
		{4545B123-1FF0-4331-9598-4C1791E0C983}.Release|Any CPU.ActiveCfg = Release|Any CPU
		{4545B123-1FF0-4331-9598-4C1791E0C983}.Release|Any CPU.Build.0 = Release|Any CPU
		{2E15EC46-DCBB-42A6-A364-A9BDCAAB0839}.Debug|Any CPU.ActiveCfg = Debug|Any CPU
		{2E15EC46-DCBB-42A6-A364-A9BDCAAB0839}.Debug|Any CPU.Build.0 = Debug|Any CPU
		{2E15EC46-DCBB-42A6-A364-A9BDCAAB0839}.Release|Any CPU.ActiveCfg = Release|Any CPU
		{2E15EC46-DCBB-42A6-A364-A9BDCAAB0839}.Release|Any CPU.Build.0 = Release|Any CPU
		{1597B0E9-3449-4220-9AB2-9F9F345AD1FA}.Debug|Any CPU.ActiveCfg = Debug|Any CPU
		{1597B0E9-3449-4220-9AB2-9F9F345AD1FA}.Debug|Any CPU.Build.0 = Debug|Any CPU
		{1597B0E9-3449-4220-9AB2-9F9F345AD1FA}.Release|Any CPU.ActiveCfg = Release|Any CPU
		{1597B0E9-3449-4220-9AB2-9F9F345AD1FA}.Release|Any CPU.Build.0 = Release|Any CPU
		{82A8BCAA-E82B-45FD-9006-B98A9AAB2DF7}.Debug|Any CPU.ActiveCfg = Debug|Any CPU
		{82A8BCAA-E82B-45FD-9006-B98A9AAB2DF7}.Debug|Any CPU.Build.0 = Debug|Any CPU
		{82A8BCAA-E82B-45FD-9006-B98A9AAB2DF7}.Release|Any CPU.ActiveCfg = Release|Any CPU
		{82A8BCAA-E82B-45FD-9006-B98A9AAB2DF7}.Release|Any CPU.Build.0 = Release|Any CPU
		{4A8159CC-50BD-4D22-BD48-E41E8B0968CB}.Debug|Any CPU.ActiveCfg = Debug|Any CPU
		{4A8159CC-50BD-4D22-BD48-E41E8B0968CB}.Debug|Any CPU.Build.0 = Debug|Any CPU
		{4A8159CC-50BD-4D22-BD48-E41E8B0968CB}.Release|Any CPU.ActiveCfg = Release|Any CPU
		{4A8159CC-50BD-4D22-BD48-E41E8B0968CB}.Release|Any CPU.Build.0 = Release|Any CPU
		{CFD0D770-DE7B-4DFF-AB0C-85661B6B3CEC}.Debug|Any CPU.ActiveCfg = Debug|Any CPU
		{CFD0D770-DE7B-4DFF-AB0C-85661B6B3CEC}.Debug|Any CPU.Build.0 = Debug|Any CPU
		{CFD0D770-DE7B-4DFF-AB0C-85661B6B3CEC}.Release|Any CPU.ActiveCfg = Release|Any CPU
		{CFD0D770-DE7B-4DFF-AB0C-85661B6B3CEC}.Release|Any CPU.Build.0 = Release|Any CPU
		{45BF50BC-0A3A-49AC-B836-7C88ECDBD277}.Debug|Any CPU.ActiveCfg = Debug|Any CPU
		{45BF50BC-0A3A-49AC-B836-7C88ECDBD277}.Debug|Any CPU.Build.0 = Debug|Any CPU
		{45BF50BC-0A3A-49AC-B836-7C88ECDBD277}.Release|Any CPU.ActiveCfg = Release|Any CPU
		{45BF50BC-0A3A-49AC-B836-7C88ECDBD277}.Release|Any CPU.Build.0 = Release|Any CPU
		{C6C05370-7D23-4E5F-ABCF-309448799858}.Debug|Any CPU.ActiveCfg = Debug|Any CPU
		{C6C05370-7D23-4E5F-ABCF-309448799858}.Debug|Any CPU.Build.0 = Debug|Any CPU
		{C6C05370-7D23-4E5F-ABCF-309448799858}.Release|Any CPU.ActiveCfg = Release|Any CPU
		{C6C05370-7D23-4E5F-ABCF-309448799858}.Release|Any CPU.Build.0 = Release|Any CPU
	EndGlobalSection
	GlobalSection(SolutionProperties) = preSolution
		HideSolutionNode = FALSE
	EndGlobalSection
	GlobalSection(ExtensibilityGlobals) = postSolution
		SolutionGuid = {0AE4B338-2497-4568-A797-326004270226}
	EndGlobalSection
EndGlobal
