
Microsoft Visual Studio Solution File, Format Version 12.00
# Visual Studio 15
VisualStudioVersion = 15.0.27703.2026
MinimumVisualStudioVersion = 10.0.40219.1
Project("{9A19103F-16F7-4668-BE54-9A1E7A4F7556}") = "associativeArrays-CountRealNumbers", "associativeArrays-CountRealNumbers\associativeArrays-CountRealNumbers.csproj", "{B22C6705-BD9C-41C0-A4B7-30402D728D19}"
EndProject
Project("{9A19103F-16F7-4668-BE54-9A1E7A4F7556}") = "oddOccurrences", "oddOccurrences\oddOccurrences.csproj", "{AB7CEAC1-929E-4A72-A88D-CBCC37DFDADB}"
EndProject
Project("{9A19103F-16F7-4668-BE54-9A1E7A4F7556}") = "countRealNumbers", "countRealNumbers\countRealNumbers.csproj", "{2E51E585-28CF-4493-AD95-755BFC936A4C}"
EndProject
Project("{9A19103F-16F7-4668-BE54-9A1E7A4F7556}") = "sumMinMaxAverage", "sumMinMaxAverage\sumMinMaxAverage.csproj", "{45EA4E34-C54A-4C81-B8AA-0A80627809BF}"
EndProject
Project("{9A19103F-16F7-4668-BE54-9A1E7A4F7556}") = "largest3Numbers", "largest3Numbers\largest3Numbers.csproj", "{9435AD5E-C8D3-4893-89A8-1BAF8F433D80}"
EndProject
Project("{9A19103F-16F7-4668-BE54-9A1E7A4F7556}") = "shortWordSorted", "shortWordSorted\shortWordSorted.csproj", "{8FCB3CF3-FF76-4FA0-974A-ACF76120A594}"
EndProject
Project("{9A19103F-16F7-4668-BE54-9A1E7A4F7556}") = "foldAndSum", "foldAndSum\foldAndSum.csproj", "{18DE521B-73C9-436B-821D-A3A4D2ECBA76}"
EndProject
Project("{9A19103F-16F7-4668-BE54-9A1E7A4F7556}") = "practice1", "practice1\practice1.csproj", "{9AC19BF3-0C7B-4265-9C92-8252E21A7856}"
EndProject
Project("{9A19103F-16F7-4668-BE54-9A1E7A4F7556}") = "practice2", "practice2\practice2.csproj", "{E64F7704-EB91-4A96-A301-773109C9F351}"
EndProject
Project("{9A19103F-16F7-4668-BE54-9A1E7A4F7556}") = "practice3", "practice3\practice3.csproj", "{B763F06E-7D4F-460E-85CC-FE0D18FF1117}"
EndProject
Project("{9A19103F-16F7-4668-BE54-9A1E7A4F7556}") = "practice4", "practice4\practice4.csproj", "{D5B57292-04CB-4921-8C98-B8492489893C}"
EndProject
Project("{FAE04EC0-301F-11D3-BF4B-00C04F79EFBC}") = "practice5", "practice5\practice5.csproj", "{4B1AFE82-7224-4631-A88A-0E3469578637}"
EndProject
Project("{FAE04EC0-301F-11D3-BF4B-00C04F79EFBC}") = "practice6", "practice6\practice6.csproj", "{7E373017-E10A-47CD-8432-F77DBD6B7385}"
EndProject
Global
	GlobalSection(SolutionConfigurationPlatforms) = preSolution
		Debug|Any CPU = Debug|Any CPU
		Release|Any CPU = Release|Any CPU
	EndGlobalSection
	GlobalSection(ProjectConfigurationPlatforms) = postSolution
		{B22C6705-BD9C-41C0-A4B7-30402D728D19}.Debug|Any CPU.ActiveCfg = Debug|Any CPU
		{B22C6705-BD9C-41C0-A4B7-30402D728D19}.Debug|Any CPU.Build.0 = Debug|Any CPU
		{B22C6705-BD9C-41C0-A4B7-30402D728D19}.Release|Any CPU.ActiveCfg = Release|Any CPU
		{B22C6705-BD9C-41C0-A4B7-30402D728D19}.Release|Any CPU.Build.0 = Release|Any CPU
		{AB7CEAC1-929E-4A72-A88D-CBCC37DFDADB}.Debug|Any CPU.ActiveCfg = Debug|Any CPU
		{AB7CEAC1-929E-4A72-A88D-CBCC37DFDADB}.Debug|Any CPU.Build.0 = Debug|Any CPU
		{AB7CEAC1-929E-4A72-A88D-CBCC37DFDADB}.Release|Any CPU.ActiveCfg = Release|Any CPU
		{AB7CEAC1-929E-4A72-A88D-CBCC37DFDADB}.Release|Any CPU.Build.0 = Release|Any CPU
		{2E51E585-28CF-4493-AD95-755BFC936A4C}.Debug|Any CPU.ActiveCfg = Debug|Any CPU
		{2E51E585-28CF-4493-AD95-755BFC936A4C}.Debug|Any CPU.Build.0 = Debug|Any CPU
		{2E51E585-28CF-4493-AD95-755BFC936A4C}.Release|Any CPU.ActiveCfg = Release|Any CPU
		{2E51E585-28CF-4493-AD95-755BFC936A4C}.Release|Any CPU.Build.0 = Release|Any CPU
		{45EA4E34-C54A-4C81-B8AA-0A80627809BF}.Debug|Any CPU.ActiveCfg = Debug|Any CPU
		{45EA4E34-C54A-4C81-B8AA-0A80627809BF}.Debug|Any CPU.Build.0 = Debug|Any CPU
		{45EA4E34-C54A-4C81-B8AA-0A80627809BF}.Release|Any CPU.ActiveCfg = Release|Any CPU
		{45EA4E34-C54A-4C81-B8AA-0A80627809BF}.Release|Any CPU.Build.0 = Release|Any CPU
		{9435AD5E-C8D3-4893-89A8-1BAF8F433D80}.Debug|Any CPU.ActiveCfg = Debug|Any CPU
		{9435AD5E-C8D3-4893-89A8-1BAF8F433D80}.Debug|Any CPU.Build.0 = Debug|Any CPU
		{9435AD5E-C8D3-4893-89A8-1BAF8F433D80}.Release|Any CPU.ActiveCfg = Release|Any CPU
		{9435AD5E-C8D3-4893-89A8-1BAF8F433D80}.Release|Any CPU.Build.0 = Release|Any CPU
		{8FCB3CF3-FF76-4FA0-974A-ACF76120A594}.Debug|Any CPU.ActiveCfg = Debug|Any CPU
		{8FCB3CF3-FF76-4FA0-974A-ACF76120A594}.Debug|Any CPU.Build.0 = Debug|Any CPU
		{8FCB3CF3-FF76-4FA0-974A-ACF76120A594}.Release|Any CPU.ActiveCfg = Release|Any CPU
		{8FCB3CF3-FF76-4FA0-974A-ACF76120A594}.Release|Any CPU.Build.0 = Release|Any CPU
		{18DE521B-73C9-436B-821D-A3A4D2ECBA76}.Debug|Any CPU.ActiveCfg = Debug|Any CPU
		{18DE521B-73C9-436B-821D-A3A4D2ECBA76}.Debug|Any CPU.Build.0 = Debug|Any CPU
		{18DE521B-73C9-436B-821D-A3A4D2ECBA76}.Release|Any CPU.ActiveCfg = Release|Any CPU
		{18DE521B-73C9-436B-821D-A3A4D2ECBA76}.Release|Any CPU.Build.0 = Release|Any CPU
		{9AC19BF3-0C7B-4265-9C92-8252E21A7856}.Debug|Any CPU.ActiveCfg = Debug|Any CPU
		{9AC19BF3-0C7B-4265-9C92-8252E21A7856}.Debug|Any CPU.Build.0 = Debug|Any CPU
		{9AC19BF3-0C7B-4265-9C92-8252E21A7856}.Release|Any CPU.ActiveCfg = Release|Any CPU
		{9AC19BF3-0C7B-4265-9C92-8252E21A7856}.Release|Any CPU.Build.0 = Release|Any CPU
		{E64F7704-EB91-4A96-A301-773109C9F351}.Debug|Any CPU.ActiveCfg = Debug|Any CPU
		{E64F7704-EB91-4A96-A301-773109C9F351}.Debug|Any CPU.Build.0 = Debug|Any CPU
		{E64F7704-EB91-4A96-A301-773109C9F351}.Release|Any CPU.ActiveCfg = Release|Any CPU
		{E64F7704-EB91-4A96-A301-773109C9F351}.Release|Any CPU.Build.0 = Release|Any CPU
		{B763F06E-7D4F-460E-85CC-FE0D18FF1117}.Debug|Any CPU.ActiveCfg = Debug|Any CPU
		{B763F06E-7D4F-460E-85CC-FE0D18FF1117}.Debug|Any CPU.Build.0 = Debug|Any CPU
		{B763F06E-7D4F-460E-85CC-FE0D18FF1117}.Release|Any CPU.ActiveCfg = Release|Any CPU
		{B763F06E-7D4F-460E-85CC-FE0D18FF1117}.Release|Any CPU.Build.0 = Release|Any CPU
		{D5B57292-04CB-4921-8C98-B8492489893C}.Debug|Any CPU.ActiveCfg = Debug|Any CPU
		{D5B57292-04CB-4921-8C98-B8492489893C}.Debug|Any CPU.Build.0 = Debug|Any CPU
		{D5B57292-04CB-4921-8C98-B8492489893C}.Release|Any CPU.ActiveCfg = Release|Any CPU
		{D5B57292-04CB-4921-8C98-B8492489893C}.Release|Any CPU.Build.0 = Release|Any CPU
		{4B1AFE82-7224-4631-A88A-0E3469578637}.Debug|Any CPU.ActiveCfg = Debug|Any CPU
		{4B1AFE82-7224-4631-A88A-0E3469578637}.Debug|Any CPU.Build.0 = Debug|Any CPU
		{4B1AFE82-7224-4631-A88A-0E3469578637}.Release|Any CPU.ActiveCfg = Release|Any CPU
		{4B1AFE82-7224-4631-A88A-0E3469578637}.Release|Any CPU.Build.0 = Release|Any CPU
		{7E373017-E10A-47CD-8432-F77DBD6B7385}.Debug|Any CPU.ActiveCfg = Debug|Any CPU
		{7E373017-E10A-47CD-8432-F77DBD6B7385}.Debug|Any CPU.Build.0 = Debug|Any CPU
		{7E373017-E10A-47CD-8432-F77DBD6B7385}.Release|Any CPU.ActiveCfg = Release|Any CPU
		{7E373017-E10A-47CD-8432-F77DBD6B7385}.Release|Any CPU.Build.0 = Release|Any CPU
	EndGlobalSection
	GlobalSection(SolutionProperties) = preSolution
		HideSolutionNode = FALSE
	EndGlobalSection
	GlobalSection(ExtensibilityGlobals) = postSolution
		SolutionGuid = {EC06DF49-4AC4-4E49-8E4D-29FFF3AA96AF}
	EndGlobalSection
EndGlobal
