
Microsoft Visual Studio Solution File, Format Version 12.00
# Visual Studio 15
VisualStudioVersion = 15.0.27703.2042
MinimumVisualStudioVersion = 10.0.40219.1
Project("{9A19103F-16F7-4668-BE54-9A1E7A4F7556}") = "traineGram", "traineGram\traineGram.csproj", "{0152BE1D-DD0D-44B1-977A-DAD36CCDB1BD}"
EndProject
Project("{9A19103F-16F7-4668-BE54-9A1E7A4F7556}") = "spyGram", "spyGram\spyGram.csproj", "{686639AF-24A2-4705-B927-FA2B6C25A016}"
EndProject
Project("{9A19103F-16F7-4668-BE54-9A1E7A4F7556}") = "softUniReception", "softUniReception\softUniReception.csproj", "{0C7E15B8-244E-4CCD-9DDD-32E47C1CA26C}"
EndProject
Project("{9A19103F-16F7-4668-BE54-9A1E7A4F7556}") = "softUniCoursePlanning", "softUniCoursePlanning\softUniCoursePlanning.csproj", "{84F9235F-7599-4A31-A2C7-C9B7741F2B9E}"
EndProject
Project("{9A19103F-16F7-4668-BE54-9A1E7A4F7556}") = "softuniBarIncome", "softuniBarIncome\softuniBarIncome.csproj", "{BB6D0F15-7254-4C46-8E75-81DE3108A4AA}"
EndProject
Project("{9A19103F-16F7-4668-BE54-9A1E7A4F7556}") = "softuniExamResult", "softuniExamResult\softuniExamResult.csproj", "{56952BF0-78F6-4E4E-8F4F-5949CBA0F777}"
EndProject
Project("{9A19103F-16F7-4668-BE54-9A1E7A4F7556}") = "rageExpenses", "rageExpenses\rageExpenses.csproj", "{59CD0016-F92F-4B9B-B5E4-BA1B74E42EFF}"
EndProject
Project("{9A19103F-16F7-4668-BE54-9A1E7A4F7556}") = "memoryView", "memoryView\memoryView.csproj", "{8C5ADDC0-8401-4F09-863B-37683304318D}"
EndProject
Project("{9A19103F-16F7-4668-BE54-9A1E7A4F7556}") = "tseamAccount", "tseamAccount\tseamAccount.csproj", "{B1AD893C-9DB8-4105-8B7A-416C9CA560D5}"
EndProject
Project("{9A19103F-16F7-4668-BE54-9A1E7A4F7556}") = "mobaChallenger", "mobaChallenger\mobaChallenger.csproj", "{5322D5CE-6FDB-44C8-BC68-D511E5775E77}"
EndProject
Project("{9A19103F-16F7-4668-BE54-9A1E7A4F7556}") = "padawanEquipment", "padawanEquipment\padawanEquipment.csproj", "{6872EEA4-80A5-4BE6-94C4-CBD1CF2D4046}"
EndProject
Project("{9A19103F-16F7-4668-BE54-9A1E7A4F7556}") = "kaminoFactory", "kaminoFactory\kaminoFactory.csproj", "{85CC07FB-64E6-4854-8B34-FBDF651CC499}"
EndProject
Project("{9A19103F-16F7-4668-BE54-9A1E7A4F7556}") = "starEnigma", "starEnigma\starEnigma.csproj", "{28AB3DC1-0B81-4CCA-9F84-CE45804817E6}"
EndProject
Project("{9A19103F-16F7-4668-BE54-9A1E7A4F7556}") = "forceBook", "forceBook\forceBook.csproj", "{4DF41B01-D914-4748-B878-EB76AEC47CBF}"
EndProject
Project("{9A19103F-16F7-4668-BE54-9A1E7A4F7556}") = "snowBalls", "snowBalls\snowBalls.csproj", "{4721BAD4-A80C-4084-9E25-F68F1C704DD5}"
EndProject
Project("{9A19103F-16F7-4668-BE54-9A1E7A4F7556}") = "snowMen", "snowMen\snowMen.csproj", "{80A97E48-F592-4EA5-9A05-4329726F3F13}"
EndProject
Project("{9A19103F-16F7-4668-BE54-9A1E7A4F7556}") = "snowFlake", "snowFlake\snowFlake.csproj", "{F3CEADE5-3FD0-40DC-873B-3D97F9892D17}"
EndProject
Project("{9A19103F-16F7-4668-BE54-9A1E7A4F7556}") = "snowWhite", "snowWhite\snowWhite.csproj", "{BDB58B43-4CE7-4CB2-A5AE-2E8FB84C35ED}"
EndProject
Project("{9A19103F-16F7-4668-BE54-9A1E7A4F7556}") = "sinoTheWalker", "sinoTheWalker\sinoTheWalker.csproj", "{579F947B-E376-4CB3-8287-FC409206CFB5}"
EndProject
Project("{9A19103F-16F7-4668-BE54-9A1E7A4F7556}") = "anonymousDownsite", "anonymousDownsite\anonymousDownsite.csproj", "{B1F03B8F-65CB-4288-948D-FF357F89BF85}"
EndProject
Project("{9A19103F-16F7-4668-BE54-9A1E7A4F7556}") = "anonymousThreath", "anonymousThreath\anonymousThreath.csproj", "{39B5ECC8-746C-4B4A-AA7A-11EBA7C9CFFB}"
EndProject
Project("{FAE04EC0-301F-11D3-BF4B-00C04F79EFBC}") = "exam1", "exam1\exam1.csproj", "{D08DB5C6-479B-4068-8FFD-9D5B48F5DDB2}"
EndProject
Project("{FAE04EC0-301F-11D3-BF4B-00C04F79EFBC}") = "hogswatch", "hogswatch\hogswatch.csproj", "{9E664F12-B4C1-4DCD-8B9A-E2CF91A25B90}"
EndProject
Project("{FAE04EC0-301F-11D3-BF4B-00C04F79EFBC}") = "grainsOfSands", "grainsOfSands\grainsOfSands.csproj", "{4D45B748-C61D-4C34-BBD7-8EA12D9F61F2}"
EndProject
Project("{FAE04EC0-301F-11D3-BF4B-00C04F79EFBC}") = "postOffice", "postOffice\postOffice.csproj", "{6A0054A1-9B27-4B41-A921-ECE59884912A}"
EndProject
Project("{FAE04EC0-301F-11D3-BF4B-00C04F79EFBC}") = "ironGirder", "ironGirder\ironGirder.csproj", "{B8DE0126-C051-4204-ADC9-55C5F2A3142D}"
EndProject
Global
	GlobalSection(SolutionConfigurationPlatforms) = preSolution
		Debug|Any CPU = Debug|Any CPU
		Release|Any CPU = Release|Any CPU
	EndGlobalSection
	GlobalSection(ProjectConfigurationPlatforms) = postSolution
		{0152BE1D-DD0D-44B1-977A-DAD36CCDB1BD}.Debug|Any CPU.ActiveCfg = Debug|Any CPU
		{0152BE1D-DD0D-44B1-977A-DAD36CCDB1BD}.Debug|Any CPU.Build.0 = Debug|Any CPU
		{0152BE1D-DD0D-44B1-977A-DAD36CCDB1BD}.Release|Any CPU.ActiveCfg = Release|Any CPU
		{0152BE1D-DD0D-44B1-977A-DAD36CCDB1BD}.Release|Any CPU.Build.0 = Release|Any CPU
		{686639AF-24A2-4705-B927-FA2B6C25A016}.Debug|Any CPU.ActiveCfg = Debug|Any CPU
		{686639AF-24A2-4705-B927-FA2B6C25A016}.Debug|Any CPU.Build.0 = Debug|Any CPU
		{686639AF-24A2-4705-B927-FA2B6C25A016}.Release|Any CPU.ActiveCfg = Release|Any CPU
		{686639AF-24A2-4705-B927-FA2B6C25A016}.Release|Any CPU.Build.0 = Release|Any CPU
		{0C7E15B8-244E-4CCD-9DDD-32E47C1CA26C}.Debug|Any CPU.ActiveCfg = Debug|Any CPU
		{0C7E15B8-244E-4CCD-9DDD-32E47C1CA26C}.Debug|Any CPU.Build.0 = Debug|Any CPU
		{0C7E15B8-244E-4CCD-9DDD-32E47C1CA26C}.Release|Any CPU.ActiveCfg = Release|Any CPU
		{0C7E15B8-244E-4CCD-9DDD-32E47C1CA26C}.Release|Any CPU.Build.0 = Release|Any CPU
		{84F9235F-7599-4A31-A2C7-C9B7741F2B9E}.Debug|Any CPU.ActiveCfg = Debug|Any CPU
		{84F9235F-7599-4A31-A2C7-C9B7741F2B9E}.Debug|Any CPU.Build.0 = Debug|Any CPU
		{84F9235F-7599-4A31-A2C7-C9B7741F2B9E}.Release|Any CPU.ActiveCfg = Release|Any CPU
		{84F9235F-7599-4A31-A2C7-C9B7741F2B9E}.Release|Any CPU.Build.0 = Release|Any CPU
		{BB6D0F15-7254-4C46-8E75-81DE3108A4AA}.Debug|Any CPU.ActiveCfg = Debug|Any CPU
		{BB6D0F15-7254-4C46-8E75-81DE3108A4AA}.Debug|Any CPU.Build.0 = Debug|Any CPU
		{BB6D0F15-7254-4C46-8E75-81DE3108A4AA}.Release|Any CPU.ActiveCfg = Release|Any CPU
		{BB6D0F15-7254-4C46-8E75-81DE3108A4AA}.Release|Any CPU.Build.0 = Release|Any CPU
		{56952BF0-78F6-4E4E-8F4F-5949CBA0F777}.Debug|Any CPU.ActiveCfg = Debug|Any CPU
		{56952BF0-78F6-4E4E-8F4F-5949CBA0F777}.Debug|Any CPU.Build.0 = Debug|Any CPU
		{56952BF0-78F6-4E4E-8F4F-5949CBA0F777}.Release|Any CPU.ActiveCfg = Release|Any CPU
		{56952BF0-78F6-4E4E-8F4F-5949CBA0F777}.Release|Any CPU.Build.0 = Release|Any CPU
		{59CD0016-F92F-4B9B-B5E4-BA1B74E42EFF}.Debug|Any CPU.ActiveCfg = Debug|Any CPU
		{59CD0016-F92F-4B9B-B5E4-BA1B74E42EFF}.Debug|Any CPU.Build.0 = Debug|Any CPU
		{59CD0016-F92F-4B9B-B5E4-BA1B74E42EFF}.Release|Any CPU.ActiveCfg = Release|Any CPU
		{59CD0016-F92F-4B9B-B5E4-BA1B74E42EFF}.Release|Any CPU.Build.0 = Release|Any CPU
		{8C5ADDC0-8401-4F09-863B-37683304318D}.Debug|Any CPU.ActiveCfg = Debug|Any CPU
		{8C5ADDC0-8401-4F09-863B-37683304318D}.Debug|Any CPU.Build.0 = Debug|Any CPU
		{8C5ADDC0-8401-4F09-863B-37683304318D}.Release|Any CPU.ActiveCfg = Release|Any CPU
		{8C5ADDC0-8401-4F09-863B-37683304318D}.Release|Any CPU.Build.0 = Release|Any CPU
		{B1AD893C-9DB8-4105-8B7A-416C9CA560D5}.Debug|Any CPU.ActiveCfg = Debug|Any CPU
		{B1AD893C-9DB8-4105-8B7A-416C9CA560D5}.Debug|Any CPU.Build.0 = Debug|Any CPU
		{B1AD893C-9DB8-4105-8B7A-416C9CA560D5}.Release|Any CPU.ActiveCfg = Release|Any CPU
		{B1AD893C-9DB8-4105-8B7A-416C9CA560D5}.Release|Any CPU.Build.0 = Release|Any CPU
		{5322D5CE-6FDB-44C8-BC68-D511E5775E77}.Debug|Any CPU.ActiveCfg = Debug|Any CPU
		{5322D5CE-6FDB-44C8-BC68-D511E5775E77}.Debug|Any CPU.Build.0 = Debug|Any CPU
		{5322D5CE-6FDB-44C8-BC68-D511E5775E77}.Release|Any CPU.ActiveCfg = Release|Any CPU
		{5322D5CE-6FDB-44C8-BC68-D511E5775E77}.Release|Any CPU.Build.0 = Release|Any CPU
		{6872EEA4-80A5-4BE6-94C4-CBD1CF2D4046}.Debug|Any CPU.ActiveCfg = Debug|Any CPU
		{6872EEA4-80A5-4BE6-94C4-CBD1CF2D4046}.Debug|Any CPU.Build.0 = Debug|Any CPU
		{6872EEA4-80A5-4BE6-94C4-CBD1CF2D4046}.Release|Any CPU.ActiveCfg = Release|Any CPU
		{6872EEA4-80A5-4BE6-94C4-CBD1CF2D4046}.Release|Any CPU.Build.0 = Release|Any CPU
		{85CC07FB-64E6-4854-8B34-FBDF651CC499}.Debug|Any CPU.ActiveCfg = Debug|Any CPU
		{85CC07FB-64E6-4854-8B34-FBDF651CC499}.Debug|Any CPU.Build.0 = Debug|Any CPU
		{85CC07FB-64E6-4854-8B34-FBDF651CC499}.Release|Any CPU.ActiveCfg = Release|Any CPU
		{85CC07FB-64E6-4854-8B34-FBDF651CC499}.Release|Any CPU.Build.0 = Release|Any CPU
		{28AB3DC1-0B81-4CCA-9F84-CE45804817E6}.Debug|Any CPU.ActiveCfg = Debug|Any CPU
		{28AB3DC1-0B81-4CCA-9F84-CE45804817E6}.Debug|Any CPU.Build.0 = Debug|Any CPU
		{28AB3DC1-0B81-4CCA-9F84-CE45804817E6}.Release|Any CPU.ActiveCfg = Release|Any CPU
		{28AB3DC1-0B81-4CCA-9F84-CE45804817E6}.Release|Any CPU.Build.0 = Release|Any CPU
		{4DF41B01-D914-4748-B878-EB76AEC47CBF}.Debug|Any CPU.ActiveCfg = Debug|Any CPU
		{4DF41B01-D914-4748-B878-EB76AEC47CBF}.Debug|Any CPU.Build.0 = Debug|Any CPU
		{4DF41B01-D914-4748-B878-EB76AEC47CBF}.Release|Any CPU.ActiveCfg = Release|Any CPU
		{4DF41B01-D914-4748-B878-EB76AEC47CBF}.Release|Any CPU.Build.0 = Release|Any CPU
		{4721BAD4-A80C-4084-9E25-F68F1C704DD5}.Debug|Any CPU.ActiveCfg = Debug|Any CPU
		{4721BAD4-A80C-4084-9E25-F68F1C704DD5}.Debug|Any CPU.Build.0 = Debug|Any CPU
		{4721BAD4-A80C-4084-9E25-F68F1C704DD5}.Release|Any CPU.ActiveCfg = Release|Any CPU
		{4721BAD4-A80C-4084-9E25-F68F1C704DD5}.Release|Any CPU.Build.0 = Release|Any CPU
		{80A97E48-F592-4EA5-9A05-4329726F3F13}.Debug|Any CPU.ActiveCfg = Debug|Any CPU
		{80A97E48-F592-4EA5-9A05-4329726F3F13}.Debug|Any CPU.Build.0 = Debug|Any CPU
		{80A97E48-F592-4EA5-9A05-4329726F3F13}.Release|Any CPU.ActiveCfg = Release|Any CPU
		{80A97E48-F592-4EA5-9A05-4329726F3F13}.Release|Any CPU.Build.0 = Release|Any CPU
		{F3CEADE5-3FD0-40DC-873B-3D97F9892D17}.Debug|Any CPU.ActiveCfg = Debug|Any CPU
		{F3CEADE5-3FD0-40DC-873B-3D97F9892D17}.Debug|Any CPU.Build.0 = Debug|Any CPU
		{F3CEADE5-3FD0-40DC-873B-3D97F9892D17}.Release|Any CPU.ActiveCfg = Release|Any CPU
		{F3CEADE5-3FD0-40DC-873B-3D97F9892D17}.Release|Any CPU.Build.0 = Release|Any CPU
		{BDB58B43-4CE7-4CB2-A5AE-2E8FB84C35ED}.Debug|Any CPU.ActiveCfg = Debug|Any CPU
		{BDB58B43-4CE7-4CB2-A5AE-2E8FB84C35ED}.Debug|Any CPU.Build.0 = Debug|Any CPU
		{BDB58B43-4CE7-4CB2-A5AE-2E8FB84C35ED}.Release|Any CPU.ActiveCfg = Release|Any CPU
		{BDB58B43-4CE7-4CB2-A5AE-2E8FB84C35ED}.Release|Any CPU.Build.0 = Release|Any CPU
		{579F947B-E376-4CB3-8287-FC409206CFB5}.Debug|Any CPU.ActiveCfg = Debug|Any CPU
		{579F947B-E376-4CB3-8287-FC409206CFB5}.Debug|Any CPU.Build.0 = Debug|Any CPU
		{579F947B-E376-4CB3-8287-FC409206CFB5}.Release|Any CPU.ActiveCfg = Release|Any CPU
		{579F947B-E376-4CB3-8287-FC409206CFB5}.Release|Any CPU.Build.0 = Release|Any CPU
		{B1F03B8F-65CB-4288-948D-FF357F89BF85}.Debug|Any CPU.ActiveCfg = Debug|Any CPU
		{B1F03B8F-65CB-4288-948D-FF357F89BF85}.Debug|Any CPU.Build.0 = Debug|Any CPU
		{B1F03B8F-65CB-4288-948D-FF357F89BF85}.Release|Any CPU.ActiveCfg = Release|Any CPU
		{B1F03B8F-65CB-4288-948D-FF357F89BF85}.Release|Any CPU.Build.0 = Release|Any CPU
		{39B5ECC8-746C-4B4A-AA7A-11EBA7C9CFFB}.Debug|Any CPU.ActiveCfg = Debug|Any CPU
		{39B5ECC8-746C-4B4A-AA7A-11EBA7C9CFFB}.Debug|Any CPU.Build.0 = Debug|Any CPU
		{39B5ECC8-746C-4B4A-AA7A-11EBA7C9CFFB}.Release|Any CPU.ActiveCfg = Release|Any CPU
		{39B5ECC8-746C-4B4A-AA7A-11EBA7C9CFFB}.Release|Any CPU.Build.0 = Release|Any CPU
		{D08DB5C6-479B-4068-8FFD-9D5B48F5DDB2}.Debug|Any CPU.ActiveCfg = Debug|Any CPU
		{D08DB5C6-479B-4068-8FFD-9D5B48F5DDB2}.Debug|Any CPU.Build.0 = Debug|Any CPU
		{D08DB5C6-479B-4068-8FFD-9D5B48F5DDB2}.Release|Any CPU.ActiveCfg = Release|Any CPU
		{D08DB5C6-479B-4068-8FFD-9D5B48F5DDB2}.Release|Any CPU.Build.0 = Release|Any CPU
		{9E664F12-B4C1-4DCD-8B9A-E2CF91A25B90}.Debug|Any CPU.ActiveCfg = Debug|Any CPU
		{9E664F12-B4C1-4DCD-8B9A-E2CF91A25B90}.Debug|Any CPU.Build.0 = Debug|Any CPU
		{9E664F12-B4C1-4DCD-8B9A-E2CF91A25B90}.Release|Any CPU.ActiveCfg = Release|Any CPU
		{9E664F12-B4C1-4DCD-8B9A-E2CF91A25B90}.Release|Any CPU.Build.0 = Release|Any CPU
		{4D45B748-C61D-4C34-BBD7-8EA12D9F61F2}.Debug|Any CPU.ActiveCfg = Debug|Any CPU
		{4D45B748-C61D-4C34-BBD7-8EA12D9F61F2}.Debug|Any CPU.Build.0 = Debug|Any CPU
		{4D45B748-C61D-4C34-BBD7-8EA12D9F61F2}.Release|Any CPU.ActiveCfg = Release|Any CPU
		{4D45B748-C61D-4C34-BBD7-8EA12D9F61F2}.Release|Any CPU.Build.0 = Release|Any CPU
		{6A0054A1-9B27-4B41-A921-ECE59884912A}.Debug|Any CPU.ActiveCfg = Debug|Any CPU
		{6A0054A1-9B27-4B41-A921-ECE59884912A}.Debug|Any CPU.Build.0 = Debug|Any CPU
		{6A0054A1-9B27-4B41-A921-ECE59884912A}.Release|Any CPU.ActiveCfg = Release|Any CPU
		{6A0054A1-9B27-4B41-A921-ECE59884912A}.Release|Any CPU.Build.0 = Release|Any CPU
		{B8DE0126-C051-4204-ADC9-55C5F2A3142D}.Debug|Any CPU.ActiveCfg = Debug|Any CPU
		{B8DE0126-C051-4204-ADC9-55C5F2A3142D}.Debug|Any CPU.Build.0 = Debug|Any CPU
		{B8DE0126-C051-4204-ADC9-55C5F2A3142D}.Release|Any CPU.ActiveCfg = Release|Any CPU
		{B8DE0126-C051-4204-ADC9-55C5F2A3142D}.Release|Any CPU.Build.0 = Release|Any CPU
	EndGlobalSection
	GlobalSection(SolutionProperties) = preSolution
		HideSolutionNode = FALSE
	EndGlobalSection
	GlobalSection(ExtensibilityGlobals) = postSolution
		SolutionGuid = {96314C91-5504-4A4B-8EDD-0D4D3140C7BC}
	EndGlobalSection
EndGlobal
