
Microsoft Visual Studio Solution File, Format Version 12.00
# Visual Studio 15
VisualStudioVersion = 15.0.27703.2026
MinimumVisualStudioVersion = 10.0.40219.1
Project("{FAE04EC0-301F-11D3-BF4B-00C04F79EFBC}") = "removeNegativesAndReverse", "removeNegativesAndReverse\removeNegativesAndReverse.csproj", "{438894BE-BB7D-4AF0-87FC-21D7E2C23638}"
EndProject
Project("{FAE04EC0-301F-11D3-BF4B-00C04F79EFBC}") = "appendList", "appendList\appendList.csproj", "{6AE6496A-6BFA-4232-A8E9-7DBA14F997B7}"
EndProject
Project("{FAE04EC0-301F-11D3-BF4B-00C04F79EFBC}") = "sumAdjacentEqualNumbers", "sumAdjacentEqualNumbers\sumAdjacentEqualNumbers.csproj", "{45112B68-D66F-4E3E-9160-2EAF643C751A}"
EndProject
Project("{FAE04EC0-301F-11D3-BF4B-00C04F79EFBC}") = "splitByWordCasing", "splitByWordCasing\splitByWordCasing.csproj", "{DECC9C8C-37E7-4C7A-97EA-7CF1CC2838FF}"
EndProject
Project("{FAE04EC0-301F-11D3-BF4B-00C04F79EFBC}") = "sortNumbers", "sortNumbers\sortNumbers.csproj", "{8D344A85-A9AD-4B0B-82F9-89F533F8A32B}"
EndProject
Project("{FAE04EC0-301F-11D3-BF4B-00C04F79EFBC}") = "squareNumber", "squareNumber\squareNumber.csproj", "{54318154-BB18-473C-AB64-C89A67E8E860}"
EndProject
Project("{FAE04EC0-301F-11D3-BF4B-00C04F79EFBC}") = "countNumbers", "countNumbers\countNumbers.csproj", "{F3E9EDA9-6BB2-492C-8A49-1F346A721CEE}"
EndProject
Global
	GlobalSection(SolutionConfigurationPlatforms) = preSolution
		Debug|Any CPU = Debug|Any CPU
		Release|Any CPU = Release|Any CPU
	EndGlobalSection
	GlobalSection(ProjectConfigurationPlatforms) = postSolution
		{438894BE-BB7D-4AF0-87FC-21D7E2C23638}.Debug|Any CPU.ActiveCfg = Debug|Any CPU
		{438894BE-BB7D-4AF0-87FC-21D7E2C23638}.Debug|Any CPU.Build.0 = Debug|Any CPU
		{438894BE-BB7D-4AF0-87FC-21D7E2C23638}.Release|Any CPU.ActiveCfg = Release|Any CPU
		{438894BE-BB7D-4AF0-87FC-21D7E2C23638}.Release|Any CPU.Build.0 = Release|Any CPU
		{6AE6496A-6BFA-4232-A8E9-7DBA14F997B7}.Debug|Any CPU.ActiveCfg = Debug|Any CPU
		{6AE6496A-6BFA-4232-A8E9-7DBA14F997B7}.Debug|Any CPU.Build.0 = Debug|Any CPU
		{6AE6496A-6BFA-4232-A8E9-7DBA14F997B7}.Release|Any CPU.ActiveCfg = Release|Any CPU
		{6AE6496A-6BFA-4232-A8E9-7DBA14F997B7}.Release|Any CPU.Build.0 = Release|Any CPU
		{45112B68-D66F-4E3E-9160-2EAF643C751A}.Debug|Any CPU.ActiveCfg = Debug|Any CPU
		{45112B68-D66F-4E3E-9160-2EAF643C751A}.Debug|Any CPU.Build.0 = Debug|Any CPU
		{45112B68-D66F-4E3E-9160-2EAF643C751A}.Release|Any CPU.ActiveCfg = Release|Any CPU
		{45112B68-D66F-4E3E-9160-2EAF643C751A}.Release|Any CPU.Build.0 = Release|Any CPU
		{DECC9C8C-37E7-4C7A-97EA-7CF1CC2838FF}.Debug|Any CPU.ActiveCfg = Debug|Any CPU
		{DECC9C8C-37E7-4C7A-97EA-7CF1CC2838FF}.Debug|Any CPU.Build.0 = Debug|Any CPU
		{DECC9C8C-37E7-4C7A-97EA-7CF1CC2838FF}.Release|Any CPU.ActiveCfg = Release|Any CPU
		{DECC9C8C-37E7-4C7A-97EA-7CF1CC2838FF}.Release|Any CPU.Build.0 = Release|Any CPU
		{8D344A85-A9AD-4B0B-82F9-89F533F8A32B}.Debug|Any CPU.ActiveCfg = Debug|Any CPU
		{8D344A85-A9AD-4B0B-82F9-89F533F8A32B}.Debug|Any CPU.Build.0 = Debug|Any CPU
		{8D344A85-A9AD-4B0B-82F9-89F533F8A32B}.Release|Any CPU.ActiveCfg = Release|Any CPU
		{8D344A85-A9AD-4B0B-82F9-89F533F8A32B}.Release|Any CPU.Build.0 = Release|Any CPU
		{54318154-BB18-473C-AB64-C89A67E8E860}.Debug|Any CPU.ActiveCfg = Debug|Any CPU
		{54318154-BB18-473C-AB64-C89A67E8E860}.Debug|Any CPU.Build.0 = Debug|Any CPU
		{54318154-BB18-473C-AB64-C89A67E8E860}.Release|Any CPU.ActiveCfg = Release|Any CPU
		{54318154-BB18-473C-AB64-C89A67E8E860}.Release|Any CPU.Build.0 = Release|Any CPU
		{F3E9EDA9-6BB2-492C-8A49-1F346A721CEE}.Debug|Any CPU.ActiveCfg = Debug|Any CPU
		{F3E9EDA9-6BB2-492C-8A49-1F346A721CEE}.Debug|Any CPU.Build.0 = Debug|Any CPU
		{F3E9EDA9-6BB2-492C-8A49-1F346A721CEE}.Release|Any CPU.ActiveCfg = Release|Any CPU
		{F3E9EDA9-6BB2-492C-8A49-1F346A721CEE}.Release|Any CPU.Build.0 = Release|Any CPU
	EndGlobalSection
	GlobalSection(SolutionProperties) = preSolution
		HideSolutionNode = FALSE
	EndGlobalSection
	GlobalSection(ExtensibilityGlobals) = postSolution
		SolutionGuid = {660D05EB-845C-4302-910C-DA97B597A9F9}
	EndGlobalSection
EndGlobal
