
Microsoft Visual Studio Solution File, Format Version 12.00
# Visual Studio 15
VisualStudioVersion = 15.0.27703.2018
MinimumVisualStudioVersion = 10.0.40219.1
Project("{FAE04EC0-301F-11D3-BF4B-00C04F79EFBC}") = "practiceIntegerNumbers", "practiceIntegerNumbers\practiceIntegerNumbers.csproj", "{AC0AA71E-C708-4887-8E5C-CC75E93CB440}"
EndProject
Project("{FAE04EC0-301F-11D3-BF4B-00C04F79EFBC}") = "practiceFloatingPoints", "practiceFloatingPoints\practiceFloatingPoints.csproj", "{FF98A6E2-D4D4-46F9-BFCE-809763D0CD9A}"
EndProject
Project("{FAE04EC0-301F-11D3-BF4B-00C04F79EFBC}") = "practiceCharAndStrings", "practiceCharAndStrings\practiceCharAndStrings.csproj", "{350C3A37-E295-4A1A-9A22-04BA12D1D9AE}"
EndProject
Project("{FAE04EC0-301F-11D3-BF4B-00C04F79EFBC}") = "variableInHexadecimalFormat", "variableInHexadecimalFormat\variableInHexadecimalFormat.csproj", "{4ADE6196-231A-47C2-A527-1E2D9F9B462B}"
EndProject
Project("{FAE04EC0-301F-11D3-BF4B-00C04F79EFBC}") = "booleanVariable", "booleanVariable\booleanVariable.csproj", "{0B5A06AA-CE9E-4BA3-9E6C-810F74436CF7}"
EndProject
Project("{FAE04EC0-301F-11D3-BF4B-00C04F79EFBC}") = "stringsAndObjects", "stringsAndObjects\stringsAndObjects.csproj", "{24FDC01D-291D-40DB-98EF-E0389B9910C5}"
EndProject
Project("{FAE04EC0-301F-11D3-BF4B-00C04F79EFBC}") = "exchangeVariableValues", "exchangeVariableValues\exchangeVariableValues.csproj", "{375DA9F8-008D-4E11-AF75-741A4222CEB1}"
EndProject
Project("{FAE04EC0-301F-11D3-BF4B-00C04F79EFBC}") = "employeeData", "employeeData\employeeData.csproj", "{85BF3B6B-B810-46CD-984E-250BB6F04747}"
EndProject
Project("{FAE04EC0-301F-11D3-BF4B-00C04F79EFBC}") = "reverseCharacters", "reverseCharacters\reverseCharacters.csproj", "{90865DC2-7ED3-473A-8D33-A8D680ADC691}"
EndProject
Project("{FAE04EC0-301F-11D3-BF4B-00C04F79EFBC}") = "centuriesToNanoseconds", "centuriesToNanoseconds\centuriesToNanoseconds.csproj", "{3C9EDA2A-8584-4255-9FEF-5DCD66D21C0E}"
EndProject
Project("{FAE04EC0-301F-11D3-BF4B-00C04F79EFBC}") = "convertSpeedUnits", "convertSpeedUnits\convertSpeedUnits.csproj", "{C2288481-832E-4259-827E-4FB0B3A88B9D}"
EndProject
Project("{FAE04EC0-301F-11D3-BF4B-00C04F79EFBC}") = "rectangleProperties", "rectangleProperties\rectangleProperties.csproj", "{7EAEB5B9-AA75-4DA5-BF8C-81595FE0C167}"
EndProject
Project("{FAE04EC0-301F-11D3-BF4B-00C04F79EFBC}") = "vowelOfDigit", "vowelOfDigit\vowelOfDigit.csproj", "{3C4D9E51-6102-418E-BE1A-D2E4B6A319C5}"
EndProject
Project("{FAE04EC0-301F-11D3-BF4B-00C04F79EFBC}") = "integerToHexAndBinary", "integerToHexAndBinary\integerToHexAndBinary.csproj", "{F46E3C07-C0F3-4111-A79C-1252560FE0A7}"
EndProject
Project("{FAE04EC0-301F-11D3-BF4B-00C04F79EFBC}") = "fastPrimeCheckerRefactor", "fastPrimeCheckerRefactor\fastPrimeCheckerRefactor.csproj", "{4E1B9B90-D12A-4541-BBC7-D28837B12284}"
EndProject
Project("{FAE04EC0-301F-11D3-BF4B-00C04F79EFBC}") = "comparingFloats", "comparingFloats\comparingFloats.csproj", "{58C46324-CCAE-493B-B063-E71CDFA04606}"
EndProject
Project("{FAE04EC0-301F-11D3-BF4B-00C04F79EFBC}") = "printPartOfTheAsciiTable", "printPartOfTheAsciiTable\printPartOfTheAsciiTable.csproj", "{589F6F33-A616-454A-AA04-C7C55184609C}"
EndProject
Project("{FAE04EC0-301F-11D3-BF4B-00C04F79EFBC}") = "differentIntegerSize", "differentIntegerSize\differentIntegerSize.csproj", "{8A0085C8-3154-4B17-923B-10794B6BEE1C}"
EndProject
Project("{FAE04EC0-301F-11D3-BF4B-00C04F79EFBC}") = "theaThePhotographer", "theaThePhotographer\theaThePhotographer.csproj", "{DC5B1E23-5FBA-4B4F-9D48-0282DEAC59D2}"
EndProject
Global
	GlobalSection(SolutionConfigurationPlatforms) = preSolution
		Debug|Any CPU = Debug|Any CPU
		Release|Any CPU = Release|Any CPU
	EndGlobalSection
	GlobalSection(ProjectConfigurationPlatforms) = postSolution
		{AC0AA71E-C708-4887-8E5C-CC75E93CB440}.Debug|Any CPU.ActiveCfg = Debug|Any CPU
		{AC0AA71E-C708-4887-8E5C-CC75E93CB440}.Debug|Any CPU.Build.0 = Debug|Any CPU
		{AC0AA71E-C708-4887-8E5C-CC75E93CB440}.Release|Any CPU.ActiveCfg = Release|Any CPU
		{AC0AA71E-C708-4887-8E5C-CC75E93CB440}.Release|Any CPU.Build.0 = Release|Any CPU
		{FF98A6E2-D4D4-46F9-BFCE-809763D0CD9A}.Debug|Any CPU.ActiveCfg = Debug|Any CPU
		{FF98A6E2-D4D4-46F9-BFCE-809763D0CD9A}.Debug|Any CPU.Build.0 = Debug|Any CPU
		{FF98A6E2-D4D4-46F9-BFCE-809763D0CD9A}.Release|Any CPU.ActiveCfg = Release|Any CPU
		{FF98A6E2-D4D4-46F9-BFCE-809763D0CD9A}.Release|Any CPU.Build.0 = Release|Any CPU
		{350C3A37-E295-4A1A-9A22-04BA12D1D9AE}.Debug|Any CPU.ActiveCfg = Debug|Any CPU
		{350C3A37-E295-4A1A-9A22-04BA12D1D9AE}.Debug|Any CPU.Build.0 = Debug|Any CPU
		{350C3A37-E295-4A1A-9A22-04BA12D1D9AE}.Release|Any CPU.ActiveCfg = Release|Any CPU
		{350C3A37-E295-4A1A-9A22-04BA12D1D9AE}.Release|Any CPU.Build.0 = Release|Any CPU
		{4ADE6196-231A-47C2-A527-1E2D9F9B462B}.Debug|Any CPU.ActiveCfg = Debug|Any CPU
		{4ADE6196-231A-47C2-A527-1E2D9F9B462B}.Debug|Any CPU.Build.0 = Debug|Any CPU
		{4ADE6196-231A-47C2-A527-1E2D9F9B462B}.Release|Any CPU.ActiveCfg = Release|Any CPU
		{4ADE6196-231A-47C2-A527-1E2D9F9B462B}.Release|Any CPU.Build.0 = Release|Any CPU
		{0B5A06AA-CE9E-4BA3-9E6C-810F74436CF7}.Debug|Any CPU.ActiveCfg = Debug|Any CPU
		{0B5A06AA-CE9E-4BA3-9E6C-810F74436CF7}.Debug|Any CPU.Build.0 = Debug|Any CPU
		{0B5A06AA-CE9E-4BA3-9E6C-810F74436CF7}.Release|Any CPU.ActiveCfg = Release|Any CPU
		{0B5A06AA-CE9E-4BA3-9E6C-810F74436CF7}.Release|Any CPU.Build.0 = Release|Any CPU
		{24FDC01D-291D-40DB-98EF-E0389B9910C5}.Debug|Any CPU.ActiveCfg = Debug|Any CPU
		{24FDC01D-291D-40DB-98EF-E0389B9910C5}.Debug|Any CPU.Build.0 = Debug|Any CPU
		{24FDC01D-291D-40DB-98EF-E0389B9910C5}.Release|Any CPU.ActiveCfg = Release|Any CPU
		{24FDC01D-291D-40DB-98EF-E0389B9910C5}.Release|Any CPU.Build.0 = Release|Any CPU
		{375DA9F8-008D-4E11-AF75-741A4222CEB1}.Debug|Any CPU.ActiveCfg = Debug|Any CPU
		{375DA9F8-008D-4E11-AF75-741A4222CEB1}.Debug|Any CPU.Build.0 = Debug|Any CPU
		{375DA9F8-008D-4E11-AF75-741A4222CEB1}.Release|Any CPU.ActiveCfg = Release|Any CPU
		{375DA9F8-008D-4E11-AF75-741A4222CEB1}.Release|Any CPU.Build.0 = Release|Any CPU
		{85BF3B6B-B810-46CD-984E-250BB6F04747}.Debug|Any CPU.ActiveCfg = Debug|Any CPU
		{85BF3B6B-B810-46CD-984E-250BB6F04747}.Debug|Any CPU.Build.0 = Debug|Any CPU
		{85BF3B6B-B810-46CD-984E-250BB6F04747}.Release|Any CPU.ActiveCfg = Release|Any CPU
		{85BF3B6B-B810-46CD-984E-250BB6F04747}.Release|Any CPU.Build.0 = Release|Any CPU
		{90865DC2-7ED3-473A-8D33-A8D680ADC691}.Debug|Any CPU.ActiveCfg = Debug|Any CPU
		{90865DC2-7ED3-473A-8D33-A8D680ADC691}.Debug|Any CPU.Build.0 = Debug|Any CPU
		{90865DC2-7ED3-473A-8D33-A8D680ADC691}.Release|Any CPU.ActiveCfg = Release|Any CPU
		{90865DC2-7ED3-473A-8D33-A8D680ADC691}.Release|Any CPU.Build.0 = Release|Any CPU
		{3C9EDA2A-8584-4255-9FEF-5DCD66D21C0E}.Debug|Any CPU.ActiveCfg = Debug|Any CPU
		{3C9EDA2A-8584-4255-9FEF-5DCD66D21C0E}.Debug|Any CPU.Build.0 = Debug|Any CPU
		{3C9EDA2A-8584-4255-9FEF-5DCD66D21C0E}.Release|Any CPU.ActiveCfg = Release|Any CPU
		{3C9EDA2A-8584-4255-9FEF-5DCD66D21C0E}.Release|Any CPU.Build.0 = Release|Any CPU
		{C2288481-832E-4259-827E-4FB0B3A88B9D}.Debug|Any CPU.ActiveCfg = Debug|Any CPU
		{C2288481-832E-4259-827E-4FB0B3A88B9D}.Debug|Any CPU.Build.0 = Debug|Any CPU
		{C2288481-832E-4259-827E-4FB0B3A88B9D}.Release|Any CPU.ActiveCfg = Release|Any CPU
		{C2288481-832E-4259-827E-4FB0B3A88B9D}.Release|Any CPU.Build.0 = Release|Any CPU
		{7EAEB5B9-AA75-4DA5-BF8C-81595FE0C167}.Debug|Any CPU.ActiveCfg = Debug|Any CPU
		{7EAEB5B9-AA75-4DA5-BF8C-81595FE0C167}.Debug|Any CPU.Build.0 = Debug|Any CPU
		{7EAEB5B9-AA75-4DA5-BF8C-81595FE0C167}.Release|Any CPU.ActiveCfg = Release|Any CPU
		{7EAEB5B9-AA75-4DA5-BF8C-81595FE0C167}.Release|Any CPU.Build.0 = Release|Any CPU
		{3C4D9E51-6102-418E-BE1A-D2E4B6A319C5}.Debug|Any CPU.ActiveCfg = Debug|Any CPU
		{3C4D9E51-6102-418E-BE1A-D2E4B6A319C5}.Debug|Any CPU.Build.0 = Debug|Any CPU
		{3C4D9E51-6102-418E-BE1A-D2E4B6A319C5}.Release|Any CPU.ActiveCfg = Release|Any CPU
		{3C4D9E51-6102-418E-BE1A-D2E4B6A319C5}.Release|Any CPU.Build.0 = Release|Any CPU
		{F46E3C07-C0F3-4111-A79C-1252560FE0A7}.Debug|Any CPU.ActiveCfg = Debug|Any CPU
		{F46E3C07-C0F3-4111-A79C-1252560FE0A7}.Debug|Any CPU.Build.0 = Debug|Any CPU
		{F46E3C07-C0F3-4111-A79C-1252560FE0A7}.Release|Any CPU.ActiveCfg = Release|Any CPU
		{F46E3C07-C0F3-4111-A79C-1252560FE0A7}.Release|Any CPU.Build.0 = Release|Any CPU
		{4E1B9B90-D12A-4541-BBC7-D28837B12284}.Debug|Any CPU.ActiveCfg = Debug|Any CPU
		{4E1B9B90-D12A-4541-BBC7-D28837B12284}.Debug|Any CPU.Build.0 = Debug|Any CPU
		{4E1B9B90-D12A-4541-BBC7-D28837B12284}.Release|Any CPU.ActiveCfg = Release|Any CPU
		{4E1B9B90-D12A-4541-BBC7-D28837B12284}.Release|Any CPU.Build.0 = Release|Any CPU
		{58C46324-CCAE-493B-B063-E71CDFA04606}.Debug|Any CPU.ActiveCfg = Debug|Any CPU
		{58C46324-CCAE-493B-B063-E71CDFA04606}.Debug|Any CPU.Build.0 = Debug|Any CPU
		{58C46324-CCAE-493B-B063-E71CDFA04606}.Release|Any CPU.ActiveCfg = Release|Any CPU
		{58C46324-CCAE-493B-B063-E71CDFA04606}.Release|Any CPU.Build.0 = Release|Any CPU
		{589F6F33-A616-454A-AA04-C7C55184609C}.Debug|Any CPU.ActiveCfg = Debug|Any CPU
		{589F6F33-A616-454A-AA04-C7C55184609C}.Debug|Any CPU.Build.0 = Debug|Any CPU
		{589F6F33-A616-454A-AA04-C7C55184609C}.Release|Any CPU.ActiveCfg = Release|Any CPU
		{589F6F33-A616-454A-AA04-C7C55184609C}.Release|Any CPU.Build.0 = Release|Any CPU
		{8A0085C8-3154-4B17-923B-10794B6BEE1C}.Debug|Any CPU.ActiveCfg = Debug|Any CPU
		{8A0085C8-3154-4B17-923B-10794B6BEE1C}.Debug|Any CPU.Build.0 = Debug|Any CPU
		{8A0085C8-3154-4B17-923B-10794B6BEE1C}.Release|Any CPU.ActiveCfg = Release|Any CPU
		{8A0085C8-3154-4B17-923B-10794B6BEE1C}.Release|Any CPU.Build.0 = Release|Any CPU
		{DC5B1E23-5FBA-4B4F-9D48-0282DEAC59D2}.Debug|Any CPU.ActiveCfg = Debug|Any CPU
		{DC5B1E23-5FBA-4B4F-9D48-0282DEAC59D2}.Debug|Any CPU.Build.0 = Debug|Any CPU
		{DC5B1E23-5FBA-4B4F-9D48-0282DEAC59D2}.Release|Any CPU.ActiveCfg = Release|Any CPU
		{DC5B1E23-5FBA-4B4F-9D48-0282DEAC59D2}.Release|Any CPU.Build.0 = Release|Any CPU
	EndGlobalSection
	GlobalSection(SolutionProperties) = preSolution
		HideSolutionNode = FALSE
	EndGlobalSection
	GlobalSection(ExtensibilityGlobals) = postSolution
		SolutionGuid = {29B79A9A-9722-41EE-9FB7-4B9738A4C965}
	EndGlobalSection
EndGlobal
